// !$*UTF8*$!
{
	archiveVersion = 1;
	classes = {
	};
	objectVersion = 51;
	objects = {

/* Begin PBXBuildFile section */
		1B23B1C323FE6AD000A17C74 /* DragAndDropView.swift in Sources */ = {isa = PBXBuildFile; fileRef = 1B23B1C223FE6AD000A17C74 /* DragAndDropView.swift */; };
		1B23B1C823FE83BA00A17C74 /* TemplateInfo.txt in Resources */ = {isa = PBXBuildFile; fileRef = 1B23B1C723FE83BA00A17C74 /* TemplateInfo.txt */; };
		1B23B1CA23FE845000A17C74 /* TextParser.swift in Sources */ = {isa = PBXBuildFile; fileRef = 1B23B1C923FE845000A17C74 /* TextParser.swift */; };
		1B23B1CC23FE885F00A17C74 /* FileNameConstant.swift in Sources */ = {isa = PBXBuildFile; fileRef = 1B23B1CB23FE885F00A17C74 /* FileNameConstant.swift */; };
		1B275C0E23FF6F6100A2514C /* vs.min.css in Resources */ = {isa = PBXBuildFile; fileRef = 1B275BAA23FF6F6100A2514C /* vs.min.css */; };
		1B275C0F23FF6F6100A2514C /* atelier-seaside-dark.min.css in Resources */ = {isa = PBXBuildFile; fileRef = 1B275BAB23FF6F6100A2514C /* atelier-seaside-dark.min.css */; };
		1B275C1023FF6F6100A2514C /* isbl-editor-dark.min.css in Resources */ = {isa = PBXBuildFile; fileRef = 1B275BAC23FF6F6100A2514C /* isbl-editor-dark.min.css */; };
		1B275C1123FF6F6100A2514C /* brown-paper.min.css in Resources */ = {isa = PBXBuildFile; fileRef = 1B275BAD23FF6F6100A2514C /* brown-paper.min.css */; };
		1B275C1223FF6F6100A2514C /* atelier-plateau-light.min.css in Resources */ = {isa = PBXBuildFile; fileRef = 1B275BAE23FF6F6100A2514C /* atelier-plateau-light.min.css */; };
		1B275C1323FF6F6100A2514C /* school-book.min.css in Resources */ = {isa = PBXBuildFile; fileRef = 1B275BAF23FF6F6100A2514C /* school-book.min.css */; };
		1B275C1423FF6F6100A2514C /* xcode.min.css in Resources */ = {isa = PBXBuildFile; fileRef = 1B275BB023FF6F6100A2514C /* xcode.min.css */; };
		1B275C1523FF6F6100A2514C /* atelier-sulphurpool-dark.min.css in Resources */ = {isa = PBXBuildFile; fileRef = 1B275BB123FF6F6100A2514C /* atelier-sulphurpool-dark.min.css */; };
		1B275C1623FF6F6100A2514C /* tomorrow-night-blue.min.css in Resources */ = {isa = PBXBuildFile; fileRef = 1B275BB223FF6F6100A2514C /* tomorrow-night-blue.min.css */; };
		1B275C1723FF6F6100A2514C /* vs2015.min.css in Resources */ = {isa = PBXBuildFile; fileRef = 1B275BB323FF6F6100A2514C /* vs2015.min.css */; };
		1B275C1823FF6F6100A2514C /* atelier-heath-dark.min.css in Resources */ = {isa = PBXBuildFile; fileRef = 1B275BB423FF6F6100A2514C /* atelier-heath-dark.min.css */; };
		1B275C1923FF6F6100A2514C /* paraiso-light.min.css in Resources */ = {isa = PBXBuildFile; fileRef = 1B275BB523FF6F6100A2514C /* paraiso-light.min.css */; };
		1B275C1A23FF6F6100A2514C /* rainbow.min.css in Resources */ = {isa = PBXBuildFile; fileRef = 1B275BB623FF6F6100A2514C /* rainbow.min.css */; };
		1B275C1B23FF6F6100A2514C /* qtcreator_light.min.css in Resources */ = {isa = PBXBuildFile; fileRef = 1B275BB723FF6F6100A2514C /* qtcreator_light.min.css */; };
		1B275C1C23FF6F6100A2514C /* a11y-light.min.css in Resources */ = {isa = PBXBuildFile; fileRef = 1B275BB823FF6F6100A2514C /* a11y-light.min.css */; };
		1B275C1D23FF6F6100A2514C /* kimbie.dark.min.css in Resources */ = {isa = PBXBuildFile; fileRef = 1B275BB923FF6F6100A2514C /* kimbie.dark.min.css */; };
		1B275C1E23FF6F6100A2514C /* atelier-heath-light.min.css in Resources */ = {isa = PBXBuildFile; fileRef = 1B275BBA23FF6F6100A2514C /* atelier-heath-light.min.css */; };
		1B275C1F23FF6F6100A2514C /* far.min.css in Resources */ = {isa = PBXBuildFile; fileRef = 1B275BBB23FF6F6100A2514C /* far.min.css */; };
		1B275C2023FF6F6100A2514C /* atelier-dune-dark.min.css in Resources */ = {isa = PBXBuildFile; fileRef = 1B275BBC23FF6F6100A2514C /* atelier-dune-dark.min.css */; };
		1B275C2123FF6F6100A2514C /* shades-of-purple.min.css in Resources */ = {isa = PBXBuildFile; fileRef = 1B275BBD23FF6F6100A2514C /* shades-of-purple.min.css */; };
		1B275C2223FF6F6100A2514C /* kimbie.light.min.css in Resources */ = {isa = PBXBuildFile; fileRef = 1B275BBE23FF6F6100A2514C /* kimbie.light.min.css */; };
		1B275C2323FF6F6100A2514C /* railscasts.min.css in Resources */ = {isa = PBXBuildFile; fileRef = 1B275BBF23FF6F6100A2514C /* railscasts.min.css */; };
		1B275C2423FF6F6100A2514C /* solarized-dark.min.css in Resources */ = {isa = PBXBuildFile; fileRef = 1B275BC023FF6F6100A2514C /* solarized-dark.min.css */; };
		1B275C2523FF6F6100A2514C /* atelier-estuary-light.min.css in Resources */ = {isa = PBXBuildFile; fileRef = 1B275BC123FF6F6100A2514C /* atelier-estuary-light.min.css */; };
		1B275C2623FF6F6100A2514C /* xt256.min.css in Resources */ = {isa = PBXBuildFile; fileRef = 1B275BC223FF6F6100A2514C /* xt256.min.css */; };
		1B275C2723FF6F6100A2514C /* mono-blue.min.css in Resources */ = {isa = PBXBuildFile; fileRef = 1B275BC323FF6F6100A2514C /* mono-blue.min.css */; };
		1B275C2823FF6F6100A2514C /* ocean.min.css in Resources */ = {isa = PBXBuildFile; fileRef = 1B275BC423FF6F6100A2514C /* ocean.min.css */; };
		1B275C2923FF6F6100A2514C /* github-gist.min.css in Resources */ = {isa = PBXBuildFile; fileRef = 1B275BC523FF6F6100A2514C /* github-gist.min.css */; };
		1B275C2A23FF6F6100A2514C /* atelier-seaside-light.min.css in Resources */ = {isa = PBXBuildFile; fileRef = 1B275BC623FF6F6100A2514C /* atelier-seaside-light.min.css */; };
		1B275C2B23FF6F6100A2514C /* tomorrow-night-eighties.min.css in Resources */ = {isa = PBXBuildFile; fileRef = 1B275BC723FF6F6100A2514C /* tomorrow-night-eighties.min.css */; };
		1B275C2C23FF6F6100A2514C /* atom-one-dark.min.css in Resources */ = {isa = PBXBuildFile; fileRef = 1B275BC823FF6F6100A2514C /* atom-one-dark.min.css */; };
		1B275C2D23FF6F6100A2514C /* qtcreator_dark.min.css in Resources */ = {isa = PBXBuildFile; fileRef = 1B275BC923FF6F6100A2514C /* qtcreator_dark.min.css */; };
		1B275C2E23FF6F6100A2514C /* atelier-savanna-dark.min.css in Resources */ = {isa = PBXBuildFile; fileRef = 1B275BCA23FF6F6100A2514C /* atelier-savanna-dark.min.css */; };
		1B275C2F23FF6F6100A2514C /* color-brewer.min.css in Resources */ = {isa = PBXBuildFile; fileRef = 1B275BCB23FF6F6100A2514C /* color-brewer.min.css */; };
		1B275C3023FF6F6100A2514C /* pojoaque.min.css in Resources */ = {isa = PBXBuildFile; fileRef = 1B275BCC23FF6F6100A2514C /* pojoaque.min.css */; };
		1B275C3123FF6F6100A2514C /* routeros.min.css in Resources */ = {isa = PBXBuildFile; fileRef = 1B275BCD23FF6F6100A2514C /* routeros.min.css */; };
		1B275C3223FF6F6100A2514C /* atelier-forest-dark.min.css in Resources */ = {isa = PBXBuildFile; fileRef = 1B275BCE23FF6F6100A2514C /* atelier-forest-dark.min.css */; };
		1B275C3323FF6F6100A2514C /* gml.min.css in Resources */ = {isa = PBXBuildFile; fileRef = 1B275BCF23FF6F6100A2514C /* gml.min.css */; };
		1B275C3423FF6F6100A2514C /* tomorrow-night.min.css in Resources */ = {isa = PBXBuildFile; fileRef = 1B275BD023FF6F6100A2514C /* tomorrow-night.min.css */; };
		1B275C3523FF6F6100A2514C /* obsidian.min.css in Resources */ = {isa = PBXBuildFile; fileRef = 1B275BD123FF6F6100A2514C /* obsidian.min.css */; };
		1B275C3623FF6F6100A2514C /* lightfair.min.css in Resources */ = {isa = PBXBuildFile; fileRef = 1B275BD223FF6F6100A2514C /* lightfair.min.css */; };
		1B275C3723FF6F6100A2514C /* atelier-lakeside-dark.min.css in Resources */ = {isa = PBXBuildFile; fileRef = 1B275BD323FF6F6100A2514C /* atelier-lakeside-dark.min.css */; };
		1B275C3823FF6F6100A2514C /* gruvbox-light.min.css in Resources */ = {isa = PBXBuildFile; fileRef = 1B275BD423FF6F6100A2514C /* gruvbox-light.min.css */; };
		1B275C3923FF6F6100A2514C /* idea.min.css in Resources */ = {isa = PBXBuildFile; fileRef = 1B275BD523FF6F6100A2514C /* idea.min.css */; };
		1B275C3A23FF6F6100A2514C /* tomorrow.min.css in Resources */ = {isa = PBXBuildFile; fileRef = 1B275BD623FF6F6100A2514C /* tomorrow.min.css */; };
		1B275C3B23FF6F6100A2514C /* atelier-forest-light.min.css in Resources */ = {isa = PBXBuildFile; fileRef = 1B275BD723FF6F6100A2514C /* atelier-forest-light.min.css */; };
		1B275C3C23FF6F6100A2514C /* arduino-light.min.css in Resources */ = {isa = PBXBuildFile; fileRef = 1B275BD823FF6F6100A2514C /* arduino-light.min.css */; };
		1B275C3D23FF6F6100A2514C /* gruvbox-dark.min.css in Resources */ = {isa = PBXBuildFile; fileRef = 1B275BD923FF6F6100A2514C /* gruvbox-dark.min.css */; };
		1B275C3E23FF6F6100A2514C /* dracula.min.css in Resources */ = {isa = PBXBuildFile; fileRef = 1B275BDA23FF6F6100A2514C /* dracula.min.css */; };
		1B275C3F23FF6F6100A2514C /* magula.min.css in Resources */ = {isa = PBXBuildFile; fileRef = 1B275BDB23FF6F6100A2514C /* magula.min.css */; };
		1B275C4023FF6F6100A2514C /* arta.min.css in Resources */ = {isa = PBXBuildFile; fileRef = 1B275BDC23FF6F6100A2514C /* arta.min.css */; };
		1B275C4123FF6F6100A2514C /* purebasic.min.css in Resources */ = {isa = PBXBuildFile; fileRef = 1B275BDD23FF6F6100A2514C /* purebasic.min.css */; };
		1B275C4223FF6F6100A2514C /* hopscotch.min.css in Resources */ = {isa = PBXBuildFile; fileRef = 1B275BDE23FF6F6100A2514C /* hopscotch.min.css */; };
		1B275C4323FF6F6100A2514C /* github.min.css in Resources */ = {isa = PBXBuildFile; fileRef = 1B275BDF23FF6F6100A2514C /* github.min.css */; };
		1B275C4423FF6F6100A2514C /* nord.min.css in Resources */ = {isa = PBXBuildFile; fileRef = 1B275BE023FF6F6100A2514C /* nord.min.css */; };
		1B275C4523FF6F6100A2514C /* dark.min.css in Resources */ = {isa = PBXBuildFile; fileRef = 1B275BE123FF6F6100A2514C /* dark.min.css */; };
		1B275C4623FF6F6100A2514C /* atom-one-light.min.css in Resources */ = {isa = PBXBuildFile; fileRef = 1B275BE223FF6F6100A2514C /* atom-one-light.min.css */; };
		1B275C4723FF6F6100A2514C /* monokai.min.css in Resources */ = {isa = PBXBuildFile; fileRef = 1B275BE323FF6F6100A2514C /* monokai.min.css */; };
		1B275C4823FF6F6100A2514C /* docco.min.css in Resources */ = {isa = PBXBuildFile; fileRef = 1B275BE423FF6F6100A2514C /* docco.min.css */; };
		1B275C4923FF6F6100A2514C /* default.min.css in Resources */ = {isa = PBXBuildFile; fileRef = 1B275BE523FF6F6100A2514C /* default.min.css */; };
		1B275C4A23FF6F6100A2514C /* ascetic.min.css in Resources */ = {isa = PBXBuildFile; fileRef = 1B275BE623FF6F6100A2514C /* ascetic.min.css */; };
		1B275C4B23FF6F6100A2514C /* isbl-editor-light.min.css in Resources */ = {isa = PBXBuildFile; fileRef = 1B275BE723FF6F6100A2514C /* isbl-editor-light.min.css */; };
		1B275C4C23FF6F6100A2514C /* atelier-cave-light.min.css in Resources */ = {isa = PBXBuildFile; fileRef = 1B275BE823FF6F6100A2514C /* atelier-cave-light.min.css */; };
		1B275C4D23FF6F6100A2514C /* a11y-dark.min.css in Resources */ = {isa = PBXBuildFile; fileRef = 1B275BE923FF6F6100A2514C /* a11y-dark.min.css */; };
		1B275C4E23FF6F6100A2514C /* atelier-sulphurpool-light.min.css in Resources */ = {isa = PBXBuildFile; fileRef = 1B275BEA23FF6F6100A2514C /* atelier-sulphurpool-light.min.css */; };
		1B275C4F23FF6F6100A2514C /* atelier-plateau-dark.min.css in Resources */ = {isa = PBXBuildFile; fileRef = 1B275BEB23FF6F6100A2514C /* atelier-plateau-dark.min.css */; };
		1B275C5023FF6F6100A2514C /* darkula.min.css in Resources */ = {isa = PBXBuildFile; fileRef = 1B275BEC23FF6F6100A2514C /* darkula.min.css */; };
		1B275C5123FF6F6100A2514C /* atelier-cave-dark.min.css in Resources */ = {isa = PBXBuildFile; fileRef = 1B275BED23FF6F6100A2514C /* atelier-cave-dark.min.css */; };
		1B275C5223FF6F6100A2514C /* ir-black.min.css in Resources */ = {isa = PBXBuildFile; fileRef = 1B275BEE23FF6F6100A2514C /* ir-black.min.css */; };
		1B275C5323FF6F6100A2514C /* solarized-light.min.css in Resources */ = {isa = PBXBuildFile; fileRef = 1B275BEF23FF6F6100A2514C /* solarized-light.min.css */; };
		1B275C5423FF6F6100A2514C /* tomorrow-night-bright.min.css in Resources */ = {isa = PBXBuildFile; fileRef = 1B275BF023FF6F6100A2514C /* tomorrow-night-bright.min.css */; };
		1B275C5523FF6F6100A2514C /* atelier-savanna-light.min.css in Resources */ = {isa = PBXBuildFile; fileRef = 1B275BF123FF6F6100A2514C /* atelier-savanna-light.min.css */; };
		1B275C5623FF6F6100A2514C /* foundation.min.css in Resources */ = {isa = PBXBuildFile; fileRef = 1B275BF223FF6F6100A2514C /* foundation.min.css */; };
		1B275C5723FF6F6100A2514C /* codepen-embed.min.css in Resources */ = {isa = PBXBuildFile; fileRef = 1B275BF323FF6F6100A2514C /* codepen-embed.min.css */; };
		1B275C5823FF6F6100A2514C /* atelier-estuary-dark.min.css in Resources */ = {isa = PBXBuildFile; fileRef = 1B275BF423FF6F6100A2514C /* atelier-estuary-dark.min.css */; };
		1B275C5923FF6F6100A2514C /* googlecode.min.css in Resources */ = {isa = PBXBuildFile; fileRef = 1B275BF523FF6F6100A2514C /* googlecode.min.css */; };
		1B275C5A23FF6F6100A2514C /* atom-one-dark-reasonable.min.css in Resources */ = {isa = PBXBuildFile; fileRef = 1B275BF623FF6F6100A2514C /* atom-one-dark-reasonable.min.css */; };
		1B275C5B23FF6F6100A2514C /* atelier-dune-light.min.css in Resources */ = {isa = PBXBuildFile; fileRef = 1B275BF723FF6F6100A2514C /* atelier-dune-light.min.css */; };
		1B275C5C23FF6F6100A2514C /* paraiso-dark.min.css in Resources */ = {isa = PBXBuildFile; fileRef = 1B275BF823FF6F6100A2514C /* paraiso-dark.min.css */; };
		1B275C5D23FF6F6100A2514C /* zenburn.min.css in Resources */ = {isa = PBXBuildFile; fileRef = 1B275BF923FF6F6100A2514C /* zenburn.min.css */; };
		1B275C5E23FF6F6100A2514C /* androidstudio.min.css in Resources */ = {isa = PBXBuildFile; fileRef = 1B275BFA23FF6F6100A2514C /* androidstudio.min.css */; };
		1B275C5F23FF6F6100A2514C /* grayscale.min.css in Resources */ = {isa = PBXBuildFile; fileRef = 1B275BFB23FF6F6100A2514C /* grayscale.min.css */; };
		1B275C6023FF6F6100A2514C /* sunburst.min.css in Resources */ = {isa = PBXBuildFile; fileRef = 1B275BFC23FF6F6100A2514C /* sunburst.min.css */; };
		1B275C6123FF6F6100A2514C /* agate.min.css in Resources */ = {isa = PBXBuildFile; fileRef = 1B275BFD23FF6F6100A2514C /* agate.min.css */; };
		1B275C6223FF6F6100A2514C /* hybrid.min.css in Resources */ = {isa = PBXBuildFile; fileRef = 1B275BFE23FF6F6100A2514C /* hybrid.min.css */; };
		1B275C6323FF6F6100A2514C /* darcula.min.css in Resources */ = {isa = PBXBuildFile; fileRef = 1B275BFF23FF6F6100A2514C /* darcula.min.css */; };
		1B275C6423FF6F6100A2514C /* atelier-lakeside-light.min.css in Resources */ = {isa = PBXBuildFile; fileRef = 1B275C0023FF6F6100A2514C /* atelier-lakeside-light.min.css */; };
		1B275C6523FF6F6100A2514C /* monokai-sublime.min.css in Resources */ = {isa = PBXBuildFile; fileRef = 1B275C0123FF6F6100A2514C /* monokai-sublime.min.css */; };
		1B275C6623FF6F6100A2514C /* an-old-hope.min.css in Resources */ = {isa = PBXBuildFile; fileRef = 1B275C0223FF6F6100A2514C /* an-old-hope.min.css */; };
		1B275C6723FF6F6100A2514C /* LICENSE in Resources */ = {isa = PBXBuildFile; fileRef = 1B275C0423FF6F6100A2514C /* LICENSE */; };
		1B275C6823FF6F6100A2514C /* highlight.min.js in Resources */ = {isa = PBXBuildFile; fileRef = 1B275C0523FF6F6100A2514C /* highlight.min.js */; };
		1B275C6923FF6F6100A2514C /* CodeAttributedString.swift in Sources */ = {isa = PBXBuildFile; fileRef = 1B275C0723FF6F6100A2514C /* CodeAttributedString.swift */; };
		1B275C6A23FF6F6100A2514C /* Highlightr.swift in Sources */ = {isa = PBXBuildFile; fileRef = 1B275C0823FF6F6100A2514C /* Highlightr.swift */; };
		1B275C6C23FF6F6100A2514C /* HTMLUtils.swift in Sources */ = {isa = PBXBuildFile; fileRef = 1B275C0A23FF6F6100A2514C /* HTMLUtils.swift */; };
		1B275C6D23FF6F6100A2514C /* Theme.swift in Sources */ = {isa = PBXBuildFile; fileRef = 1B275C0B23FF6F6100A2514C /* Theme.swift */; };
		1B275C6E23FF6F6100A2514C /* Shims.swift in Sources */ = {isa = PBXBuildFile; fileRef = 1B275C0C23FF6F6100A2514C /* Shims.swift */; };
		1B39EB3E23F6977A00F50E0D /* NewFormViewController.swift in Sources */ = {isa = PBXBuildFile; fileRef = 1B39EB3C23F6977A00F50E0D /* NewFormViewController.swift */; };
		1B39EB4123F6A55600F50E0D /* NewForm.storyboard in Resources */ = {isa = PBXBuildFile; fileRef = 1B39EB4023F6A55600F50E0D /* NewForm.storyboard */; };
		1B4F2A9C23F2A2E800A2A32E /* AppDelegate.swift in Sources */ = {isa = PBXBuildFile; fileRef = 1B4F2A9B23F2A2E800A2A32E /* AppDelegate.swift */; };
		1B4F2A9E23F2A2E800A2A32E /* DashboardViewController.swift in Sources */ = {isa = PBXBuildFile; fileRef = 1B4F2A9D23F2A2E800A2A32E /* DashboardViewController.swift */; };
		1B4F2AA023F2A2EA00A2A32E /* Assets.xcassets in Resources */ = {isa = PBXBuildFile; fileRef = 1B4F2A9F23F2A2EA00A2A32E /* Assets.xcassets */; };
		1B4F2AA323F2A2EA00A2A32E /* Dashboard.storyboard in Resources */ = {isa = PBXBuildFile; fileRef = 1B4F2AA123F2A2EA00A2A32E /* Dashboard.storyboard */; };
		1B537FAD24066E4500A13DA9 /* Settings.swift in Sources */ = {isa = PBXBuildFile; fileRef = 1B537FAC24066E4500A13DA9 /* Settings.swift */; };
		1B65DCA023F5202900E267AB /* BaseViewController.swift in Sources */ = {isa = PBXBuildFile; fileRef = 1B65DC9F23F5202900E267AB /* BaseViewController.swift */; };
		1B65DCA523F5383A00E267AB /* XcodeTemplateCell.swift in Sources */ = {isa = PBXBuildFile; fileRef = 1B65DCA423F5383A00E267AB /* XcodeTemplateCell.swift */; };
		1B65DCA723F538BF00E267AB /* XcodeTemplateCell.xib in Resources */ = {isa = PBXBuildFile; fileRef = 1B65DCA623F538BF00E267AB /* XcodeTemplateCell.xib */; };
		1B76374023FA955D00E4C612 /* Color.xcassets in Resources */ = {isa = PBXBuildFile; fileRef = 1B76373F23FA955D00E4C612 /* Color.xcassets */; };
		1B76374223FA971600E4C612 /* ColorConstant.swift in Sources */ = {isa = PBXBuildFile; fileRef = 1B76374123FA971600E4C612 /* ColorConstant.swift */; };
		1BA08DE423F6AA4000C50619 /* NSViewController+Router.swift in Sources */ = {isa = PBXBuildFile; fileRef = 1BA08DE323F6AA4000C50619 /* NSViewController+Router.swift */; };
		1BB4094C23FB9E1C00FDD8B9 /* EnumNewFileType.swift in Sources */ = {isa = PBXBuildFile; fileRef = 1BB4094B23FB9E1C00FDD8B9 /* EnumNewFileType.swift */; };
		1BBC95A123FCF157006E585D /* ButtonDragView.swift in Sources */ = {isa = PBXBuildFile; fileRef = 1BBC95A023FCF157006E585D /* ButtonDragView.swift */; };
		1BDDDD7F23FFC75200F8F302 /* EditorTextView.swift in Sources */ = {isa = PBXBuildFile; fileRef = 1BDDDD7E23FFC75200F8F302 /* EditorTextView.swift */; };
		1BEB7C1A23FB9624006DFEA9 /* NotificationCenterConstant.swift in Sources */ = {isa = PBXBuildFile; fileRef = 1BEB7C1923FB9624006DFEA9 /* NotificationCenterConstant.swift */; };
		934C745446ED70B9A0DA35D1 /* Pods_Xmanager.framework in Frameworks */ = {isa = PBXBuildFile; fileRef = 56CBC2F662F08E2EE6677310 /* Pods_Xmanager.framework */; };
		FF097F7B23FB091D001AF186 /* BaseWindowController.swift in Sources */ = {isa = PBXBuildFile; fileRef = FF097F7A23FB091D001AF186 /* BaseWindowController.swift */; };
		FF6605D623F7BC5E0052BCD7 /* TemplateList.swift in Sources */ = {isa = PBXBuildFile; fileRef = FF6605D523F7BC5E0052BCD7 /* TemplateList.swift */; };
		FF6605D923F7BC8E0052BCD7 /* TemplateListDAO.swift in Sources */ = {isa = PBXBuildFile; fileRef = FF6605D823F7BC8E0052BCD7 /* TemplateListDAO.swift */; };
		FF67272A2402228E00820B6A /* TemplateInfo.swift in Sources */ = {isa = PBXBuildFile; fileRef = FF6727292402228E00820B6A /* TemplateInfo.swift */; };
		FF67272C2404D4A500820B6A /* String+Format.swift in Sources */ = {isa = PBXBuildFile; fileRef = FF67272B2404D4A500820B6A /* String+Format.swift */; };
		FF6727342405068F00820B6A /* BaseTextStorage.swift in Sources */ = {isa = PBXBuildFile; fileRef = FF6727322405068F00820B6A /* BaseTextStorage.swift */; };
		FF6727352405068F00820B6A /* SyntaxTextStorage.swift in Sources */ = {isa = PBXBuildFile; fileRef = FF6727332405068F00820B6A /* SyntaxTextStorage.swift */; };
		FF6A673323FD869C0007C877 /* TemplateDetail.storyboard in Resources */ = {isa = PBXBuildFile; fileRef = FF6A673223FD869C0007C877 /* TemplateDetail.storyboard */; };
		FF6A673523FD87280007C877 /* Welcome.storyboard in Resources */ = {isa = PBXBuildFile; fileRef = FF6A673423FD87280007C877 /* Welcome.storyboard */; };
		FF6A673923FD8F520007C877 /* TableDragView.swift in Sources */ = {isa = PBXBuildFile; fileRef = FF6A673823FD8F520007C877 /* TableDragView.swift */; };
		FF6A673F23FD9B510007C877 /* SourceFileTableCell.swift in Sources */ = {isa = PBXBuildFile; fileRef = FF6A673E23FD9B510007C877 /* SourceFileTableCell.swift */; };
		FF6A674123FD9B6A0007C877 /* SourceFileTableCell.xib in Resources */ = {isa = PBXBuildFile; fileRef = FF6A674023FD9B6A0007C877 /* SourceFileTableCell.xib */; };
		FF6E397524069FEF00A91A21 /* sample-mvp.zip in Resources */ = {isa = PBXBuildFile; fileRef = FF6E397424069FEF00A91A21 /* sample-mvp.zip */; };
		FF7CEF9E23FEE3CE00A64524 /* EditorViewController.swift in Sources */ = {isa = PBXBuildFile; fileRef = FF7CEF9D23FEE3CE00A64524 /* EditorViewController.swift */; };
		FF7CEFA123FEE3EE00A64524 /* Editor.storyboard in Resources */ = {isa = PBXBuildFile; fileRef = FF7CEFA023FEE3EE00A64524 /* Editor.storyboard */; };
		FFB3458223F8408E0060D8FE /* TemplateNameCell.swift in Sources */ = {isa = PBXBuildFile; fileRef = FFB3458023F8408E0060D8FE /* TemplateNameCell.swift */; };
		FFB3458323F8408E0060D8FE /* TemplateNameCell.xib in Resources */ = {isa = PBXBuildFile; fileRef = FFB3458123F8408E0060D8FE /* TemplateNameCell.xib */; };
		FFB3458723F84D7F0060D8FE /* UrlList.swift in Sources */ = {isa = PBXBuildFile; fileRef = FFB3458623F84D7F0060D8FE /* UrlList.swift */; };
		FFB3458923F84D980060D8FE /* UrlListDAO.swift in Sources */ = {isa = PBXBuildFile; fileRef = FFB3458823F84D980060D8FE /* UrlListDAO.swift */; };
		FFC9F0FC23F82961009CDEAD /* UrlConstant.swift in Sources */ = {isa = PBXBuildFile; fileRef = FFC9F0FB23F82961009CDEAD /* UrlConstant.swift */; };
		FFC9F0FE23F829F7009CDEAD /* Url+Custom.swift in Sources */ = {isa = PBXBuildFile; fileRef = FFC9F0FD23F829F7009CDEAD /* Url+Custom.swift */; };
		FFC9F10323F83846009CDEAD /* TemplateDetailViewController.swift in Sources */ = {isa = PBXBuildFile; fileRef = FFC9F10223F83846009CDEAD /* TemplateDetailViewController.swift */; };
		FFC9F10523F83864009CDEAD /* WelcomeViewController.swift in Sources */ = {isa = PBXBuildFile; fileRef = FFC9F10423F83864009CDEAD /* WelcomeViewController.swift */; };
		FFDD902023FAC07B00BD112D /* BaseWindow.swift in Sources */ = {isa = PBXBuildFile; fileRef = FFDD901F23FAC07B00BD112D /* BaseWindow.swift */; };
		FFDD902223FAE29F00BD112D /* BaseNSView.swift in Sources */ = {isa = PBXBuildFile; fileRef = FFDD902123FAE29F00BD112D /* BaseNSView.swift */; };
/* End PBXBuildFile section */

/* Begin PBXFileReference section */
		1B23B1C223FE6AD000A17C74 /* DragAndDropView.swift */ = {isa = PBXFileReference; lastKnownFileType = sourcecode.swift; path = DragAndDropView.swift; sourceTree = "<group>"; };
		1B23B1C723FE83BA00A17C74 /* TemplateInfo.txt */ = {isa = PBXFileReference; lastKnownFileType = text; path = TemplateInfo.txt; sourceTree = "<group>"; };
		1B23B1C923FE845000A17C74 /* TextParser.swift */ = {isa = PBXFileReference; lastKnownFileType = sourcecode.swift; path = TextParser.swift; sourceTree = "<group>"; };
		1B23B1CB23FE885F00A17C74 /* FileNameConstant.swift */ = {isa = PBXFileReference; lastKnownFileType = sourcecode.swift; path = FileNameConstant.swift; sourceTree = "<group>"; };
		1B275BAA23FF6F6100A2514C /* vs.min.css */ = {isa = PBXFileReference; fileEncoding = 4; lastKnownFileType = text.css; path = vs.min.css; sourceTree = "<group>"; };
		1B275BAB23FF6F6100A2514C /* atelier-seaside-dark.min.css */ = {isa = PBXFileReference; fileEncoding = 4; lastKnownFileType = text.css; path = "atelier-seaside-dark.min.css"; sourceTree = "<group>"; };
		1B275BAC23FF6F6100A2514C /* isbl-editor-dark.min.css */ = {isa = PBXFileReference; fileEncoding = 4; lastKnownFileType = text.css; path = "isbl-editor-dark.min.css"; sourceTree = "<group>"; };
		1B275BAD23FF6F6100A2514C /* brown-paper.min.css */ = {isa = PBXFileReference; fileEncoding = 4; lastKnownFileType = text.css; path = "brown-paper.min.css"; sourceTree = "<group>"; };
		1B275BAE23FF6F6100A2514C /* atelier-plateau-light.min.css */ = {isa = PBXFileReference; fileEncoding = 4; lastKnownFileType = text.css; path = "atelier-plateau-light.min.css"; sourceTree = "<group>"; };
		1B275BAF23FF6F6100A2514C /* school-book.min.css */ = {isa = PBXFileReference; fileEncoding = 4; lastKnownFileType = text.css; path = "school-book.min.css"; sourceTree = "<group>"; };
		1B275BB023FF6F6100A2514C /* xcode.min.css */ = {isa = PBXFileReference; fileEncoding = 4; lastKnownFileType = text.css; path = xcode.min.css; sourceTree = "<group>"; };
		1B275BB123FF6F6100A2514C /* atelier-sulphurpool-dark.min.css */ = {isa = PBXFileReference; fileEncoding = 4; lastKnownFileType = text.css; path = "atelier-sulphurpool-dark.min.css"; sourceTree = "<group>"; };
		1B275BB223FF6F6100A2514C /* tomorrow-night-blue.min.css */ = {isa = PBXFileReference; fileEncoding = 4; lastKnownFileType = text.css; path = "tomorrow-night-blue.min.css"; sourceTree = "<group>"; };
		1B275BB323FF6F6100A2514C /* vs2015.min.css */ = {isa = PBXFileReference; fileEncoding = 4; lastKnownFileType = text.css; path = vs2015.min.css; sourceTree = "<group>"; };
		1B275BB423FF6F6100A2514C /* atelier-heath-dark.min.css */ = {isa = PBXFileReference; fileEncoding = 4; lastKnownFileType = text.css; path = "atelier-heath-dark.min.css"; sourceTree = "<group>"; };
		1B275BB523FF6F6100A2514C /* paraiso-light.min.css */ = {isa = PBXFileReference; fileEncoding = 4; lastKnownFileType = text.css; path = "paraiso-light.min.css"; sourceTree = "<group>"; };
		1B275BB623FF6F6100A2514C /* rainbow.min.css */ = {isa = PBXFileReference; fileEncoding = 4; lastKnownFileType = text.css; path = rainbow.min.css; sourceTree = "<group>"; };
		1B275BB723FF6F6100A2514C /* qtcreator_light.min.css */ = {isa = PBXFileReference; fileEncoding = 4; lastKnownFileType = text.css; path = qtcreator_light.min.css; sourceTree = "<group>"; };
		1B275BB823FF6F6100A2514C /* a11y-light.min.css */ = {isa = PBXFileReference; fileEncoding = 4; lastKnownFileType = text.css; path = "a11y-light.min.css"; sourceTree = "<group>"; };
		1B275BB923FF6F6100A2514C /* kimbie.dark.min.css */ = {isa = PBXFileReference; fileEncoding = 4; lastKnownFileType = text.css; path = kimbie.dark.min.css; sourceTree = "<group>"; };
		1B275BBA23FF6F6100A2514C /* atelier-heath-light.min.css */ = {isa = PBXFileReference; fileEncoding = 4; lastKnownFileType = text.css; path = "atelier-heath-light.min.css"; sourceTree = "<group>"; };
		1B275BBB23FF6F6100A2514C /* far.min.css */ = {isa = PBXFileReference; fileEncoding = 4; lastKnownFileType = text.css; path = far.min.css; sourceTree = "<group>"; };
		1B275BBC23FF6F6100A2514C /* atelier-dune-dark.min.css */ = {isa = PBXFileReference; fileEncoding = 4; lastKnownFileType = text.css; path = "atelier-dune-dark.min.css"; sourceTree = "<group>"; };
		1B275BBD23FF6F6100A2514C /* shades-of-purple.min.css */ = {isa = PBXFileReference; fileEncoding = 4; lastKnownFileType = text.css; path = "shades-of-purple.min.css"; sourceTree = "<group>"; };
		1B275BBE23FF6F6100A2514C /* kimbie.light.min.css */ = {isa = PBXFileReference; fileEncoding = 4; lastKnownFileType = text.css; path = kimbie.light.min.css; sourceTree = "<group>"; };
		1B275BBF23FF6F6100A2514C /* railscasts.min.css */ = {isa = PBXFileReference; fileEncoding = 4; lastKnownFileType = text.css; path = railscasts.min.css; sourceTree = "<group>"; };
		1B275BC023FF6F6100A2514C /* solarized-dark.min.css */ = {isa = PBXFileReference; fileEncoding = 4; lastKnownFileType = text.css; path = "solarized-dark.min.css"; sourceTree = "<group>"; };
		1B275BC123FF6F6100A2514C /* atelier-estuary-light.min.css */ = {isa = PBXFileReference; fileEncoding = 4; lastKnownFileType = text.css; path = "atelier-estuary-light.min.css"; sourceTree = "<group>"; };
		1B275BC223FF6F6100A2514C /* xt256.min.css */ = {isa = PBXFileReference; fileEncoding = 4; lastKnownFileType = text.css; path = xt256.min.css; sourceTree = "<group>"; };
		1B275BC323FF6F6100A2514C /* mono-blue.min.css */ = {isa = PBXFileReference; fileEncoding = 4; lastKnownFileType = text.css; path = "mono-blue.min.css"; sourceTree = "<group>"; };
		1B275BC423FF6F6100A2514C /* ocean.min.css */ = {isa = PBXFileReference; fileEncoding = 4; lastKnownFileType = text.css; path = ocean.min.css; sourceTree = "<group>"; };
		1B275BC523FF6F6100A2514C /* github-gist.min.css */ = {isa = PBXFileReference; fileEncoding = 4; lastKnownFileType = text.css; path = "github-gist.min.css"; sourceTree = "<group>"; };
		1B275BC623FF6F6100A2514C /* atelier-seaside-light.min.css */ = {isa = PBXFileReference; fileEncoding = 4; lastKnownFileType = text.css; path = "atelier-seaside-light.min.css"; sourceTree = "<group>"; };
		1B275BC723FF6F6100A2514C /* tomorrow-night-eighties.min.css */ = {isa = PBXFileReference; fileEncoding = 4; lastKnownFileType = text.css; path = "tomorrow-night-eighties.min.css"; sourceTree = "<group>"; };
		1B275BC823FF6F6100A2514C /* atom-one-dark.min.css */ = {isa = PBXFileReference; fileEncoding = 4; lastKnownFileType = text.css; path = "atom-one-dark.min.css"; sourceTree = "<group>"; };
		1B275BC923FF6F6100A2514C /* qtcreator_dark.min.css */ = {isa = PBXFileReference; fileEncoding = 4; lastKnownFileType = text.css; path = qtcreator_dark.min.css; sourceTree = "<group>"; };
		1B275BCA23FF6F6100A2514C /* atelier-savanna-dark.min.css */ = {isa = PBXFileReference; fileEncoding = 4; lastKnownFileType = text.css; path = "atelier-savanna-dark.min.css"; sourceTree = "<group>"; };
		1B275BCB23FF6F6100A2514C /* color-brewer.min.css */ = {isa = PBXFileReference; fileEncoding = 4; lastKnownFileType = text.css; path = "color-brewer.min.css"; sourceTree = "<group>"; };
		1B275BCC23FF6F6100A2514C /* pojoaque.min.css */ = {isa = PBXFileReference; fileEncoding = 4; lastKnownFileType = text.css; path = pojoaque.min.css; sourceTree = "<group>"; };
		1B275BCD23FF6F6100A2514C /* routeros.min.css */ = {isa = PBXFileReference; fileEncoding = 4; lastKnownFileType = text.css; path = routeros.min.css; sourceTree = "<group>"; };
		1B275BCE23FF6F6100A2514C /* atelier-forest-dark.min.css */ = {isa = PBXFileReference; fileEncoding = 4; lastKnownFileType = text.css; path = "atelier-forest-dark.min.css"; sourceTree = "<group>"; };
		1B275BCF23FF6F6100A2514C /* gml.min.css */ = {isa = PBXFileReference; fileEncoding = 4; lastKnownFileType = text.css; path = gml.min.css; sourceTree = "<group>"; };
		1B275BD023FF6F6100A2514C /* tomorrow-night.min.css */ = {isa = PBXFileReference; fileEncoding = 4; lastKnownFileType = text.css; path = "tomorrow-night.min.css"; sourceTree = "<group>"; };
		1B275BD123FF6F6100A2514C /* obsidian.min.css */ = {isa = PBXFileReference; fileEncoding = 4; lastKnownFileType = text.css; path = obsidian.min.css; sourceTree = "<group>"; };
		1B275BD223FF6F6100A2514C /* lightfair.min.css */ = {isa = PBXFileReference; fileEncoding = 4; lastKnownFileType = text.css; path = lightfair.min.css; sourceTree = "<group>"; };
		1B275BD323FF6F6100A2514C /* atelier-lakeside-dark.min.css */ = {isa = PBXFileReference; fileEncoding = 4; lastKnownFileType = text.css; path = "atelier-lakeside-dark.min.css"; sourceTree = "<group>"; };
		1B275BD423FF6F6100A2514C /* gruvbox-light.min.css */ = {isa = PBXFileReference; fileEncoding = 4; lastKnownFileType = text.css; path = "gruvbox-light.min.css"; sourceTree = "<group>"; };
		1B275BD523FF6F6100A2514C /* idea.min.css */ = {isa = PBXFileReference; fileEncoding = 4; lastKnownFileType = text.css; path = idea.min.css; sourceTree = "<group>"; };
		1B275BD623FF6F6100A2514C /* tomorrow.min.css */ = {isa = PBXFileReference; fileEncoding = 4; lastKnownFileType = text.css; path = tomorrow.min.css; sourceTree = "<group>"; };
		1B275BD723FF6F6100A2514C /* atelier-forest-light.min.css */ = {isa = PBXFileReference; fileEncoding = 4; lastKnownFileType = text.css; path = "atelier-forest-light.min.css"; sourceTree = "<group>"; };
		1B275BD823FF6F6100A2514C /* arduino-light.min.css */ = {isa = PBXFileReference; fileEncoding = 4; lastKnownFileType = text.css; path = "arduino-light.min.css"; sourceTree = "<group>"; };
		1B275BD923FF6F6100A2514C /* gruvbox-dark.min.css */ = {isa = PBXFileReference; fileEncoding = 4; lastKnownFileType = text.css; path = "gruvbox-dark.min.css"; sourceTree = "<group>"; };
		1B275BDA23FF6F6100A2514C /* dracula.min.css */ = {isa = PBXFileReference; fileEncoding = 4; lastKnownFileType = text.css; path = dracula.min.css; sourceTree = "<group>"; };
		1B275BDB23FF6F6100A2514C /* magula.min.css */ = {isa = PBXFileReference; fileEncoding = 4; lastKnownFileType = text.css; path = magula.min.css; sourceTree = "<group>"; };
		1B275BDC23FF6F6100A2514C /* arta.min.css */ = {isa = PBXFileReference; fileEncoding = 4; lastKnownFileType = text.css; path = arta.min.css; sourceTree = "<group>"; };
		1B275BDD23FF6F6100A2514C /* purebasic.min.css */ = {isa = PBXFileReference; fileEncoding = 4; lastKnownFileType = text.css; path = purebasic.min.css; sourceTree = "<group>"; };
		1B275BDE23FF6F6100A2514C /* hopscotch.min.css */ = {isa = PBXFileReference; fileEncoding = 4; lastKnownFileType = text.css; path = hopscotch.min.css; sourceTree = "<group>"; };
		1B275BDF23FF6F6100A2514C /* github.min.css */ = {isa = PBXFileReference; fileEncoding = 4; lastKnownFileType = text.css; path = github.min.css; sourceTree = "<group>"; };
		1B275BE023FF6F6100A2514C /* nord.min.css */ = {isa = PBXFileReference; fileEncoding = 4; lastKnownFileType = text.css; path = nord.min.css; sourceTree = "<group>"; };
		1B275BE123FF6F6100A2514C /* dark.min.css */ = {isa = PBXFileReference; fileEncoding = 4; lastKnownFileType = text.css; path = dark.min.css; sourceTree = "<group>"; };
		1B275BE223FF6F6100A2514C /* atom-one-light.min.css */ = {isa = PBXFileReference; fileEncoding = 4; lastKnownFileType = text.css; path = "atom-one-light.min.css"; sourceTree = "<group>"; };
		1B275BE323FF6F6100A2514C /* monokai.min.css */ = {isa = PBXFileReference; fileEncoding = 4; lastKnownFileType = text.css; path = monokai.min.css; sourceTree = "<group>"; };
		1B275BE423FF6F6100A2514C /* docco.min.css */ = {isa = PBXFileReference; fileEncoding = 4; lastKnownFileType = text.css; path = docco.min.css; sourceTree = "<group>"; };
		1B275BE523FF6F6100A2514C /* default.min.css */ = {isa = PBXFileReference; fileEncoding = 4; lastKnownFileType = text.css; path = default.min.css; sourceTree = "<group>"; };
		1B275BE623FF6F6100A2514C /* ascetic.min.css */ = {isa = PBXFileReference; fileEncoding = 4; lastKnownFileType = text.css; path = ascetic.min.css; sourceTree = "<group>"; };
		1B275BE723FF6F6100A2514C /* isbl-editor-light.min.css */ = {isa = PBXFileReference; fileEncoding = 4; lastKnownFileType = text.css; path = "isbl-editor-light.min.css"; sourceTree = "<group>"; };
		1B275BE823FF6F6100A2514C /* atelier-cave-light.min.css */ = {isa = PBXFileReference; fileEncoding = 4; lastKnownFileType = text.css; path = "atelier-cave-light.min.css"; sourceTree = "<group>"; };
		1B275BE923FF6F6100A2514C /* a11y-dark.min.css */ = {isa = PBXFileReference; fileEncoding = 4; lastKnownFileType = text.css; path = "a11y-dark.min.css"; sourceTree = "<group>"; };
		1B275BEA23FF6F6100A2514C /* atelier-sulphurpool-light.min.css */ = {isa = PBXFileReference; fileEncoding = 4; lastKnownFileType = text.css; path = "atelier-sulphurpool-light.min.css"; sourceTree = "<group>"; };
		1B275BEB23FF6F6100A2514C /* atelier-plateau-dark.min.css */ = {isa = PBXFileReference; fileEncoding = 4; lastKnownFileType = text.css; path = "atelier-plateau-dark.min.css"; sourceTree = "<group>"; };
		1B275BEC23FF6F6100A2514C /* darkula.min.css */ = {isa = PBXFileReference; fileEncoding = 4; lastKnownFileType = text.css; path = darkula.min.css; sourceTree = "<group>"; };
		1B275BED23FF6F6100A2514C /* atelier-cave-dark.min.css */ = {isa = PBXFileReference; fileEncoding = 4; lastKnownFileType = text.css; path = "atelier-cave-dark.min.css"; sourceTree = "<group>"; };
		1B275BEE23FF6F6100A2514C /* ir-black.min.css */ = {isa = PBXFileReference; fileEncoding = 4; lastKnownFileType = text.css; path = "ir-black.min.css"; sourceTree = "<group>"; };
		1B275BEF23FF6F6100A2514C /* solarized-light.min.css */ = {isa = PBXFileReference; fileEncoding = 4; lastKnownFileType = text.css; path = "solarized-light.min.css"; sourceTree = "<group>"; };
		1B275BF023FF6F6100A2514C /* tomorrow-night-bright.min.css */ = {isa = PBXFileReference; fileEncoding = 4; lastKnownFileType = text.css; path = "tomorrow-night-bright.min.css"; sourceTree = "<group>"; };
		1B275BF123FF6F6100A2514C /* atelier-savanna-light.min.css */ = {isa = PBXFileReference; fileEncoding = 4; lastKnownFileType = text.css; path = "atelier-savanna-light.min.css"; sourceTree = "<group>"; };
		1B275BF223FF6F6100A2514C /* foundation.min.css */ = {isa = PBXFileReference; fileEncoding = 4; lastKnownFileType = text.css; path = foundation.min.css; sourceTree = "<group>"; };
		1B275BF323FF6F6100A2514C /* codepen-embed.min.css */ = {isa = PBXFileReference; fileEncoding = 4; lastKnownFileType = text.css; path = "codepen-embed.min.css"; sourceTree = "<group>"; };
		1B275BF423FF6F6100A2514C /* atelier-estuary-dark.min.css */ = {isa = PBXFileReference; fileEncoding = 4; lastKnownFileType = text.css; path = "atelier-estuary-dark.min.css"; sourceTree = "<group>"; };
		1B275BF523FF6F6100A2514C /* googlecode.min.css */ = {isa = PBXFileReference; fileEncoding = 4; lastKnownFileType = text.css; path = googlecode.min.css; sourceTree = "<group>"; };
		1B275BF623FF6F6100A2514C /* atom-one-dark-reasonable.min.css */ = {isa = PBXFileReference; fileEncoding = 4; lastKnownFileType = text.css; path = "atom-one-dark-reasonable.min.css"; sourceTree = "<group>"; };
		1B275BF723FF6F6100A2514C /* atelier-dune-light.min.css */ = {isa = PBXFileReference; fileEncoding = 4; lastKnownFileType = text.css; path = "atelier-dune-light.min.css"; sourceTree = "<group>"; };
		1B275BF823FF6F6100A2514C /* paraiso-dark.min.css */ = {isa = PBXFileReference; fileEncoding = 4; lastKnownFileType = text.css; path = "paraiso-dark.min.css"; sourceTree = "<group>"; };
		1B275BF923FF6F6100A2514C /* zenburn.min.css */ = {isa = PBXFileReference; fileEncoding = 4; lastKnownFileType = text.css; path = zenburn.min.css; sourceTree = "<group>"; };
		1B275BFA23FF6F6100A2514C /* androidstudio.min.css */ = {isa = PBXFileReference; fileEncoding = 4; lastKnownFileType = text.css; path = androidstudio.min.css; sourceTree = "<group>"; };
		1B275BFB23FF6F6100A2514C /* grayscale.min.css */ = {isa = PBXFileReference; fileEncoding = 4; lastKnownFileType = text.css; path = grayscale.min.css; sourceTree = "<group>"; };
		1B275BFC23FF6F6100A2514C /* sunburst.min.css */ = {isa = PBXFileReference; fileEncoding = 4; lastKnownFileType = text.css; path = sunburst.min.css; sourceTree = "<group>"; };
		1B275BFD23FF6F6100A2514C /* agate.min.css */ = {isa = PBXFileReference; fileEncoding = 4; lastKnownFileType = text.css; path = agate.min.css; sourceTree = "<group>"; };
		1B275BFE23FF6F6100A2514C /* hybrid.min.css */ = {isa = PBXFileReference; fileEncoding = 4; lastKnownFileType = text.css; path = hybrid.min.css; sourceTree = "<group>"; };
		1B275BFF23FF6F6100A2514C /* darcula.min.css */ = {isa = PBXFileReference; fileEncoding = 4; lastKnownFileType = text.css; path = darcula.min.css; sourceTree = "<group>"; };
		1B275C0023FF6F6100A2514C /* atelier-lakeside-light.min.css */ = {isa = PBXFileReference; fileEncoding = 4; lastKnownFileType = text.css; path = "atelier-lakeside-light.min.css"; sourceTree = "<group>"; };
		1B275C0123FF6F6100A2514C /* monokai-sublime.min.css */ = {isa = PBXFileReference; fileEncoding = 4; lastKnownFileType = text.css; path = "monokai-sublime.min.css"; sourceTree = "<group>"; };
		1B275C0223FF6F6100A2514C /* an-old-hope.min.css */ = {isa = PBXFileReference; fileEncoding = 4; lastKnownFileType = text.css; path = "an-old-hope.min.css"; sourceTree = "<group>"; };
		1B275C0423FF6F6100A2514C /* LICENSE */ = {isa = PBXFileReference; fileEncoding = 4; lastKnownFileType = text; path = LICENSE; sourceTree = "<group>"; };
		1B275C0523FF6F6100A2514C /* highlight.min.js */ = {isa = PBXFileReference; fileEncoding = 4; lastKnownFileType = sourcecode.javascript; path = highlight.min.js; sourceTree = "<group>"; };
		1B275C0723FF6F6100A2514C /* CodeAttributedString.swift */ = {isa = PBXFileReference; fileEncoding = 4; lastKnownFileType = sourcecode.swift; path = CodeAttributedString.swift; sourceTree = "<group>"; };
		1B275C0823FF6F6100A2514C /* Highlightr.swift */ = {isa = PBXFileReference; fileEncoding = 4; lastKnownFileType = sourcecode.swift; path = Highlightr.swift; sourceTree = "<group>"; };
		1B275C0A23FF6F6100A2514C /* HTMLUtils.swift */ = {isa = PBXFileReference; fileEncoding = 4; lastKnownFileType = sourcecode.swift; path = HTMLUtils.swift; sourceTree = "<group>"; };
		1B275C0B23FF6F6100A2514C /* Theme.swift */ = {isa = PBXFileReference; fileEncoding = 4; lastKnownFileType = sourcecode.swift; path = Theme.swift; sourceTree = "<group>"; };
		1B275C0C23FF6F6100A2514C /* Shims.swift */ = {isa = PBXFileReference; fileEncoding = 4; lastKnownFileType = sourcecode.swift; path = Shims.swift; sourceTree = "<group>"; };
		1B39EB3C23F6977A00F50E0D /* NewFormViewController.swift */ = {isa = PBXFileReference; lastKnownFileType = sourcecode.swift; path = NewFormViewController.swift; sourceTree = "<group>"; };
		1B39EB4023F6A55600F50E0D /* NewForm.storyboard */ = {isa = PBXFileReference; lastKnownFileType = file.storyboard; path = NewForm.storyboard; sourceTree = "<group>"; };
		1B4F2A9823F2A2E800A2A32E /* Xmanager.app */ = {isa = PBXFileReference; explicitFileType = wrapper.application; includeInIndex = 0; path = Xmanager.app; sourceTree = BUILT_PRODUCTS_DIR; };
		1B4F2A9B23F2A2E800A2A32E /* AppDelegate.swift */ = {isa = PBXFileReference; lastKnownFileType = sourcecode.swift; path = AppDelegate.swift; sourceTree = "<group>"; };
		1B4F2A9D23F2A2E800A2A32E /* DashboardViewController.swift */ = {isa = PBXFileReference; lastKnownFileType = sourcecode.swift; path = DashboardViewController.swift; sourceTree = "<group>"; };
		1B4F2A9F23F2A2EA00A2A32E /* Assets.xcassets */ = {isa = PBXFileReference; lastKnownFileType = folder.assetcatalog; path = Assets.xcassets; sourceTree = "<group>"; };
		1B4F2AA223F2A2EA00A2A32E /* Base */ = {isa = PBXFileReference; lastKnownFileType = file.storyboard; name = Base; path = Base.lproj/Dashboard.storyboard; sourceTree = "<group>"; };
		1B4F2AA423F2A2EA00A2A32E /* Info.plist */ = {isa = PBXFileReference; lastKnownFileType = text.plist.xml; path = Info.plist; sourceTree = "<group>"; };
		1B4F2AA523F2A2EA00A2A32E /* Xcode_Template_Manager.entitlements */ = {isa = PBXFileReference; lastKnownFileType = text.plist.entitlements; path = Xcode_Template_Manager.entitlements; sourceTree = "<group>"; };
		1B537FAC24066E4500A13DA9 /* Settings.swift */ = {isa = PBXFileReference; lastKnownFileType = sourcecode.swift; path = Settings.swift; sourceTree = "<group>"; };
		1B65DC9F23F5202900E267AB /* BaseViewController.swift */ = {isa = PBXFileReference; lastKnownFileType = sourcecode.swift; path = BaseViewController.swift; sourceTree = "<group>"; };
		1B65DCA423F5383A00E267AB /* XcodeTemplateCell.swift */ = {isa = PBXFileReference; lastKnownFileType = sourcecode.swift; path = XcodeTemplateCell.swift; sourceTree = "<group>"; };
		1B65DCA623F538BF00E267AB /* XcodeTemplateCell.xib */ = {isa = PBXFileReference; lastKnownFileType = file.xib; path = XcodeTemplateCell.xib; sourceTree = "<group>"; };
		1B76373F23FA955D00E4C612 /* Color.xcassets */ = {isa = PBXFileReference; lastKnownFileType = folder.assetcatalog; path = Color.xcassets; sourceTree = "<group>"; };
		1B76374123FA971600E4C612 /* ColorConstant.swift */ = {isa = PBXFileReference; lastKnownFileType = sourcecode.swift; path = ColorConstant.swift; sourceTree = "<group>"; };
		1BA08DE323F6AA4000C50619 /* NSViewController+Router.swift */ = {isa = PBXFileReference; lastKnownFileType = sourcecode.swift; path = "NSViewController+Router.swift"; sourceTree = "<group>"; };
		1BB4094B23FB9E1C00FDD8B9 /* EnumNewFileType.swift */ = {isa = PBXFileReference; lastKnownFileType = sourcecode.swift; path = EnumNewFileType.swift; sourceTree = "<group>"; };
		1BBC95A023FCF157006E585D /* ButtonDragView.swift */ = {isa = PBXFileReference; lastKnownFileType = sourcecode.swift; path = ButtonDragView.swift; sourceTree = "<group>"; };
		1BDDDD7E23FFC75200F8F302 /* EditorTextView.swift */ = {isa = PBXFileReference; lastKnownFileType = sourcecode.swift; path = EditorTextView.swift; sourceTree = "<group>"; };
		1BEB7C1923FB9624006DFEA9 /* NotificationCenterConstant.swift */ = {isa = PBXFileReference; lastKnownFileType = sourcecode.swift; path = NotificationCenterConstant.swift; sourceTree = "<group>"; };
		56CBC2F662F08E2EE6677310 /* Pods_Xmanager.framework */ = {isa = PBXFileReference; explicitFileType = wrapper.framework; includeInIndex = 0; path = Pods_Xmanager.framework; sourceTree = BUILT_PRODUCTS_DIR; };
		D80B7ED69A7C8B43F269BC0F /* Pods-Xmanager.debug.xcconfig */ = {isa = PBXFileReference; includeInIndex = 1; lastKnownFileType = text.xcconfig; name = "Pods-Xmanager.debug.xcconfig"; path = "Target Support Files/Pods-Xmanager/Pods-Xmanager.debug.xcconfig"; sourceTree = "<group>"; };
		E9EA1416F6B10F4010E740B7 /* Pods-Xmanager.release.xcconfig */ = {isa = PBXFileReference; includeInIndex = 1; lastKnownFileType = text.xcconfig; name = "Pods-Xmanager.release.xcconfig"; path = "Target Support Files/Pods-Xmanager/Pods-Xmanager.release.xcconfig"; sourceTree = "<group>"; };
		FF097F7A23FB091D001AF186 /* BaseWindowController.swift */ = {isa = PBXFileReference; lastKnownFileType = sourcecode.swift; path = BaseWindowController.swift; sourceTree = "<group>"; };
		FF6605D523F7BC5E0052BCD7 /* TemplateList.swift */ = {isa = PBXFileReference; lastKnownFileType = sourcecode.swift; path = TemplateList.swift; sourceTree = "<group>"; };
		FF6605D823F7BC8E0052BCD7 /* TemplateListDAO.swift */ = {isa = PBXFileReference; lastKnownFileType = sourcecode.swift; path = TemplateListDAO.swift; sourceTree = "<group>"; };
		FF6727292402228E00820B6A /* TemplateInfo.swift */ = {isa = PBXFileReference; lastKnownFileType = sourcecode.swift; path = TemplateInfo.swift; sourceTree = "<group>"; };
		FF67272B2404D4A500820B6A /* String+Format.swift */ = {isa = PBXFileReference; lastKnownFileType = sourcecode.swift; path = "String+Format.swift"; sourceTree = "<group>"; };
		FF6727322405068F00820B6A /* BaseTextStorage.swift */ = {isa = PBXFileReference; fileEncoding = 4; lastKnownFileType = sourcecode.swift; path = BaseTextStorage.swift; sourceTree = "<group>"; };
		FF6727332405068F00820B6A /* SyntaxTextStorage.swift */ = {isa = PBXFileReference; fileEncoding = 4; lastKnownFileType = sourcecode.swift; path = SyntaxTextStorage.swift; sourceTree = "<group>"; };
		FF6A673223FD869C0007C877 /* TemplateDetail.storyboard */ = {isa = PBXFileReference; lastKnownFileType = file.storyboard; path = TemplateDetail.storyboard; sourceTree = "<group>"; };
		FF6A673423FD87280007C877 /* Welcome.storyboard */ = {isa = PBXFileReference; lastKnownFileType = file.storyboard; path = Welcome.storyboard; sourceTree = "<group>"; };
		FF6A673823FD8F520007C877 /* TableDragView.swift */ = {isa = PBXFileReference; lastKnownFileType = sourcecode.swift; path = TableDragView.swift; sourceTree = "<group>"; };
		FF6A673E23FD9B510007C877 /* SourceFileTableCell.swift */ = {isa = PBXFileReference; lastKnownFileType = sourcecode.swift; path = SourceFileTableCell.swift; sourceTree = "<group>"; };
		FF6A674023FD9B6A0007C877 /* SourceFileTableCell.xib */ = {isa = PBXFileReference; lastKnownFileType = file.xib; path = SourceFileTableCell.xib; sourceTree = "<group>"; };
		FF6E397424069FEF00A91A21 /* sample-mvp.zip */ = {isa = PBXFileReference; lastKnownFileType = archive.zip; path = "sample-mvp.zip"; sourceTree = "<group>"; };
		FF7CEF9D23FEE3CE00A64524 /* EditorViewController.swift */ = {isa = PBXFileReference; lastKnownFileType = sourcecode.swift; path = EditorViewController.swift; sourceTree = "<group>"; };
		FF7CEFA023FEE3EE00A64524 /* Editor.storyboard */ = {isa = PBXFileReference; lastKnownFileType = file.storyboard; path = Editor.storyboard; sourceTree = "<group>"; };
		FFB3458023F8408E0060D8FE /* TemplateNameCell.swift */ = {isa = PBXFileReference; lastKnownFileType = sourcecode.swift; path = TemplateNameCell.swift; sourceTree = "<group>"; };
		FFB3458123F8408E0060D8FE /* TemplateNameCell.xib */ = {isa = PBXFileReference; lastKnownFileType = file.xib; path = TemplateNameCell.xib; sourceTree = "<group>"; };
		FFB3458623F84D7F0060D8FE /* UrlList.swift */ = {isa = PBXFileReference; lastKnownFileType = sourcecode.swift; path = UrlList.swift; sourceTree = "<group>"; };
		FFB3458823F84D980060D8FE /* UrlListDAO.swift */ = {isa = PBXFileReference; lastKnownFileType = sourcecode.swift; path = UrlListDAO.swift; sourceTree = "<group>"; };
		FFC9F0FB23F82961009CDEAD /* UrlConstant.swift */ = {isa = PBXFileReference; lastKnownFileType = sourcecode.swift; path = UrlConstant.swift; sourceTree = "<group>"; };
		FFC9F0FD23F829F7009CDEAD /* Url+Custom.swift */ = {isa = PBXFileReference; lastKnownFileType = sourcecode.swift; path = "Url+Custom.swift"; sourceTree = "<group>"; };
		FFC9F10223F83846009CDEAD /* TemplateDetailViewController.swift */ = {isa = PBXFileReference; lastKnownFileType = sourcecode.swift; path = TemplateDetailViewController.swift; sourceTree = "<group>"; };
		FFC9F10423F83864009CDEAD /* WelcomeViewController.swift */ = {isa = PBXFileReference; lastKnownFileType = sourcecode.swift; path = WelcomeViewController.swift; sourceTree = "<group>"; };
		FFDD901F23FAC07B00BD112D /* BaseWindow.swift */ = {isa = PBXFileReference; lastKnownFileType = sourcecode.swift; path = BaseWindow.swift; sourceTree = "<group>"; };
		FFDD902123FAE29F00BD112D /* BaseNSView.swift */ = {isa = PBXFileReference; lastKnownFileType = sourcecode.swift; path = BaseNSView.swift; sourceTree = "<group>"; };
/* End PBXFileReference section */

/* Begin PBXFrameworksBuildPhase section */
		1B4F2A9523F2A2E800A2A32E /* Frameworks */ = {
			isa = PBXFrameworksBuildPhase;
			buildActionMask = 2147483647;
			files = (
				934C745446ED70B9A0DA35D1 /* Pods_Xmanager.framework in Frameworks */,
			);
			runOnlyForDeploymentPostprocessing = 0;
		};
/* End PBXFrameworksBuildPhase section */

/* Begin PBXGroup section */
		1B23B1C123FE6AB800A17C74 /* Helper */ = {
			isa = PBXGroup;
			children = (
				1B23B1C223FE6AD000A17C74 /* DragAndDropView.swift */,
				1B537FAC24066E4500A13DA9 /* Settings.swift */,
				1B23B1C923FE845000A17C74 /* TextParser.swift */,
			);
			path = Helper;
			sourceTree = "<group>";
		};
		1B23B1C423FE821700A17C74 /* MockTemplates */ = {
			isa = PBXGroup;
			children = (
				FF6E397424069FEF00A91A21 /* sample-mvp.zip */,
				1B23B1C723FE83BA00A17C74 /* TemplateInfo.txt */,
			);
			path = MockTemplates;
			sourceTree = "<group>";
		};
		1B275BA623FF6F3E00A2514C /* Highlightr */ = {
			isa = PBXGroup;
			children = (
				1B275BA723FF6F6100A2514C /* Assets */,
				1B275C0623FF6F6100A2514C /* Classes */,
			);
			path = Highlightr;
			sourceTree = "<group>";
		};
		1B275BA723FF6F6100A2514C /* Assets */ = {
			isa = PBXGroup;
			children = (
				1B275BA923FF6F6100A2514C /* styles */,
				1B275C0323FF6F6100A2514C /* Highlighter */,
			);
			path = Assets;
			sourceTree = "<group>";
		};
		1B275BA923FF6F6100A2514C /* styles */ = {
			isa = PBXGroup;
			children = (
				1B275BE923FF6F6100A2514C /* a11y-dark.min.css */,
				1B275BB823FF6F6100A2514C /* a11y-light.min.css */,
				1B275BFD23FF6F6100A2514C /* agate.min.css */,
				1B275C0223FF6F6100A2514C /* an-old-hope.min.css */,
				1B275BFA23FF6F6100A2514C /* androidstudio.min.css */,
				1B275BD823FF6F6100A2514C /* arduino-light.min.css */,
				1B275BDC23FF6F6100A2514C /* arta.min.css */,
				1B275BE623FF6F6100A2514C /* ascetic.min.css */,
				1B275BED23FF6F6100A2514C /* atelier-cave-dark.min.css */,
				1B275BE823FF6F6100A2514C /* atelier-cave-light.min.css */,
				1B275BBC23FF6F6100A2514C /* atelier-dune-dark.min.css */,
				1B275BF723FF6F6100A2514C /* atelier-dune-light.min.css */,
				1B275BF423FF6F6100A2514C /* atelier-estuary-dark.min.css */,
				1B275BC123FF6F6100A2514C /* atelier-estuary-light.min.css */,
				1B275BCE23FF6F6100A2514C /* atelier-forest-dark.min.css */,
				1B275BD723FF6F6100A2514C /* atelier-forest-light.min.css */,
				1B275BB423FF6F6100A2514C /* atelier-heath-dark.min.css */,
				1B275BBA23FF6F6100A2514C /* atelier-heath-light.min.css */,
				1B275BD323FF6F6100A2514C /* atelier-lakeside-dark.min.css */,
				1B275C0023FF6F6100A2514C /* atelier-lakeside-light.min.css */,
				1B275BEB23FF6F6100A2514C /* atelier-plateau-dark.min.css */,
				1B275BAE23FF6F6100A2514C /* atelier-plateau-light.min.css */,
				1B275BCA23FF6F6100A2514C /* atelier-savanna-dark.min.css */,
				1B275BF123FF6F6100A2514C /* atelier-savanna-light.min.css */,
				1B275BAB23FF6F6100A2514C /* atelier-seaside-dark.min.css */,
				1B275BC623FF6F6100A2514C /* atelier-seaside-light.min.css */,
				1B275BB123FF6F6100A2514C /* atelier-sulphurpool-dark.min.css */,
				1B275BEA23FF6F6100A2514C /* atelier-sulphurpool-light.min.css */,
				1B275BF623FF6F6100A2514C /* atom-one-dark-reasonable.min.css */,
				1B275BC823FF6F6100A2514C /* atom-one-dark.min.css */,
				1B275BE223FF6F6100A2514C /* atom-one-light.min.css */,
				1B275BAD23FF6F6100A2514C /* brown-paper.min.css */,
				1B275BF323FF6F6100A2514C /* codepen-embed.min.css */,
				1B275BCB23FF6F6100A2514C /* color-brewer.min.css */,
				1B275BFF23FF6F6100A2514C /* darcula.min.css */,
				1B275BE123FF6F6100A2514C /* dark.min.css */,
				1B275BEC23FF6F6100A2514C /* darkula.min.css */,
				1B275BE523FF6F6100A2514C /* default.min.css */,
				1B275BE423FF6F6100A2514C /* docco.min.css */,
				1B275BDA23FF6F6100A2514C /* dracula.min.css */,
				1B275BBB23FF6F6100A2514C /* far.min.css */,
				1B275BF223FF6F6100A2514C /* foundation.min.css */,
				1B275BC523FF6F6100A2514C /* github-gist.min.css */,
				1B275BDF23FF6F6100A2514C /* github.min.css */,
				1B275BCF23FF6F6100A2514C /* gml.min.css */,
				1B275BF523FF6F6100A2514C /* googlecode.min.css */,
				1B275BFB23FF6F6100A2514C /* grayscale.min.css */,
				1B275BD923FF6F6100A2514C /* gruvbox-dark.min.css */,
				1B275BD423FF6F6100A2514C /* gruvbox-light.min.css */,
				1B275BDE23FF6F6100A2514C /* hopscotch.min.css */,
				1B275BFE23FF6F6100A2514C /* hybrid.min.css */,
				1B275BD523FF6F6100A2514C /* idea.min.css */,
				1B275BEE23FF6F6100A2514C /* ir-black.min.css */,
				1B275BAC23FF6F6100A2514C /* isbl-editor-dark.min.css */,
				1B275BE723FF6F6100A2514C /* isbl-editor-light.min.css */,
				1B275BB923FF6F6100A2514C /* kimbie.dark.min.css */,
				1B275BBE23FF6F6100A2514C /* kimbie.light.min.css */,
				1B275BD223FF6F6100A2514C /* lightfair.min.css */,
				1B275BDB23FF6F6100A2514C /* magula.min.css */,
				1B275BC323FF6F6100A2514C /* mono-blue.min.css */,
				1B275C0123FF6F6100A2514C /* monokai-sublime.min.css */,
				1B275BE323FF6F6100A2514C /* monokai.min.css */,
				1B275BE023FF6F6100A2514C /* nord.min.css */,
				1B275BD123FF6F6100A2514C /* obsidian.min.css */,
				1B275BC423FF6F6100A2514C /* ocean.min.css */,
				1B275BF823FF6F6100A2514C /* paraiso-dark.min.css */,
				1B275BB523FF6F6100A2514C /* paraiso-light.min.css */,
				1B275BCC23FF6F6100A2514C /* pojoaque.min.css */,
				1B275BDD23FF6F6100A2514C /* purebasic.min.css */,
				1B275BC923FF6F6100A2514C /* qtcreator_dark.min.css */,
				1B275BB723FF6F6100A2514C /* qtcreator_light.min.css */,
				1B275BBF23FF6F6100A2514C /* railscasts.min.css */,
				1B275BB623FF6F6100A2514C /* rainbow.min.css */,
				1B275BCD23FF6F6100A2514C /* routeros.min.css */,
				1B275BAF23FF6F6100A2514C /* school-book.min.css */,
				1B275BBD23FF6F6100A2514C /* shades-of-purple.min.css */,
				1B275BC023FF6F6100A2514C /* solarized-dark.min.css */,
				1B275BEF23FF6F6100A2514C /* solarized-light.min.css */,
				1B275BFC23FF6F6100A2514C /* sunburst.min.css */,
				1B275BB223FF6F6100A2514C /* tomorrow-night-blue.min.css */,
				1B275BF023FF6F6100A2514C /* tomorrow-night-bright.min.css */,
				1B275BC723FF6F6100A2514C /* tomorrow-night-eighties.min.css */,
				1B275BD023FF6F6100A2514C /* tomorrow-night.min.css */,
				1B275BD623FF6F6100A2514C /* tomorrow.min.css */,
				1B275BAA23FF6F6100A2514C /* vs.min.css */,
				1B275BB323FF6F6100A2514C /* vs2015.min.css */,
				1B275BB023FF6F6100A2514C /* xcode.min.css */,
				1B275BC223FF6F6100A2514C /* xt256.min.css */,
				1B275BF923FF6F6100A2514C /* zenburn.min.css */,
			);
			path = styles;
			sourceTree = "<group>";
		};
		1B275C0323FF6F6100A2514C /* Highlighter */ = {
			isa = PBXGroup;
			children = (
				1B275C0423FF6F6100A2514C /* LICENSE */,
				1B275C0523FF6F6100A2514C /* highlight.min.js */,
			);
			path = Highlighter;
			sourceTree = "<group>";
		};
		1B275C0623FF6F6100A2514C /* Classes */ = {
			isa = PBXGroup;
			children = (
				1B275C0723FF6F6100A2514C /* CodeAttributedString.swift */,
				1B275C0823FF6F6100A2514C /* Highlightr.swift */,
				1B275C0A23FF6F6100A2514C /* HTMLUtils.swift */,
				1B275C0B23FF6F6100A2514C /* Theme.swift */,
				1B275C0C23FF6F6100A2514C /* Shims.swift */,
			);
			path = Classes;
			sourceTree = "<group>";
		};
		1B39EB3A23F6970700F50E0D /* Dashboard */ = {
			isa = PBXGroup;
			children = (
				FFC9F0FF23F837DA009CDEAD /* Main */,
				FFC9F10023F837E4009CDEAD /* TemplateDetail */,
				FFC9F10123F837FA009CDEAD /* Welcome */,
			);
			path = Dashboard;
			sourceTree = "<group>";
		};
		1B39EB3B23F6971300F50E0D /* NewForm */ = {
			isa = PBXGroup;
			children = (
				1B39EB4023F6A55600F50E0D /* NewForm.storyboard */,
				1B39EB3C23F6977A00F50E0D /* NewFormViewController.swift */,
			);
			path = NewForm;
			sourceTree = "<group>";
		};
		1B4F2A8F23F2A2E800A2A32E = {
			isa = PBXGroup;
			children = (
				1B4F2A9A23F2A2E800A2A32E /* Xmanager */,
				1B4F2A9923F2A2E800A2A32E /* Products */,
				E4968192176A590D3D881091 /* Pods */,
				522FDE5488D4D91B53829761 /* Frameworks */,
			);
			sourceTree = "<group>";
		};
		1B4F2A9923F2A2E800A2A32E /* Products */ = {
			isa = PBXGroup;
			children = (
				1B4F2A9823F2A2E800A2A32E /* Xmanager.app */,
			);
			name = Products;
			sourceTree = "<group>";
		};
		1B4F2A9A23F2A2E800A2A32E /* Xmanager */ = {
			isa = PBXGroup;
			children = (
				1B4F2A9B23F2A2E800A2A32E /* AppDelegate.swift */,
				1B65DC9E23F5200800E267AB /* Base */,
				FFC9F0FA23F82940009CDEAD /* Constants */,
				FF6605D723F7BC6A0052BCD7 /* DAO */,
				1BB4094A23FB9DEA00FDD8B9 /* Enumerations */,
				1BA08DE223F6AA2000C50619 /* Extensions */,
				1B23B1C123FE6AB800A17C74 /* Helper */,
				1BBC959F23FCF13E006E585D /* Library */,
				FF6605D423F7BBFB0052BCD7 /* Models */,
				1B65DCA123F5206100E267AB /* Modules */,
				1B65DCA223F5207300E267AB /* SupportFIles */,
			);
			path = Xmanager;
			sourceTree = "<group>";
		};
		1B65DC9E23F5200800E267AB /* Base */ = {
			isa = PBXGroup;
			children = (
				FFDD902123FAE29F00BD112D /* BaseNSView.swift */,
				1B65DC9F23F5202900E267AB /* BaseViewController.swift */,
				FFDD901F23FAC07B00BD112D /* BaseWindow.swift */,
				FF097F7A23FB091D001AF186 /* BaseWindowController.swift */,
			);
			path = Base;
			sourceTree = "<group>";
		};
		1B65DCA123F5206100E267AB /* Modules */ = {
			isa = PBXGroup;
			children = (
				1B39EB3A23F6970700F50E0D /* Dashboard */,
				FF7CEF9F23FEE3D400A64524 /* Editor */,
				1B39EB3B23F6971300F50E0D /* NewForm */,
			);
			path = Modules;
			sourceTree = "<group>";
		};
		1B65DCA223F5207300E267AB /* SupportFIles */ = {
			isa = PBXGroup;
			children = (
				1B23B1C423FE821700A17C74 /* MockTemplates */,
				1B4F2A9F23F2A2EA00A2A32E /* Assets.xcassets */,
				1B76373F23FA955D00E4C612 /* Color.xcassets */,
				1B4F2AA423F2A2EA00A2A32E /* Info.plist */,
				1B4F2AA523F2A2EA00A2A32E /* Xcode_Template_Manager.entitlements */,
			);
			path = SupportFIles;
			sourceTree = "<group>";
		};
		1B65DCA323F537DF00E267AB /* Cells */ = {
			isa = PBXGroup;
			children = (
				1B65DCA423F5383A00E267AB /* XcodeTemplateCell.swift */,
				1B65DCA623F538BF00E267AB /* XcodeTemplateCell.xib */,
			);
			path = Cells;
			sourceTree = "<group>";
		};
		1BA08DE223F6AA2000C50619 /* Extensions */ = {
			isa = PBXGroup;
			children = (
				1BA08DE323F6AA4000C50619 /* NSViewController+Router.swift */,
				FF67272B2404D4A500820B6A /* String+Format.swift */,
				FFC9F0FD23F829F7009CDEAD /* Url+Custom.swift */,
			);
			path = Extensions;
			sourceTree = "<group>";
		};
		1BB4094A23FB9DEA00FDD8B9 /* Enumerations */ = {
			isa = PBXGroup;
			children = (
				1BB4094B23FB9E1C00FDD8B9 /* EnumNewFileType.swift */,
			);
			path = Enumerations;
			sourceTree = "<group>";
		};
		1BBC959F23FCF13E006E585D /* Library */ = {
			isa = PBXGroup;
			children = (
				FF6727312405067700820B6A /* TextHighlighter */,
				1B275BA623FF6F3E00A2514C /* Highlightr */,
				1BBC95A023FCF157006E585D /* ButtonDragView.swift */,
				FF6A673823FD8F520007C877 /* TableDragView.swift */,
				1BDDDD7E23FFC75200F8F302 /* EditorTextView.swift */,
			);
			path = Library;
			sourceTree = "<group>";
		};
		522FDE5488D4D91B53829761 /* Frameworks */ = {
			isa = PBXGroup;
			children = (
				56CBC2F662F08E2EE6677310 /* Pods_Xmanager.framework */,
			);
			name = Frameworks;
			sourceTree = "<group>";
		};
		E4968192176A590D3D881091 /* Pods */ = {
			isa = PBXGroup;
			children = (
				D80B7ED69A7C8B43F269BC0F /* Pods-Xmanager.debug.xcconfig */,
				E9EA1416F6B10F4010E740B7 /* Pods-Xmanager.release.xcconfig */,
			);
			path = Pods;
			sourceTree = "<group>";
		};
		FF6605D423F7BBFB0052BCD7 /* Models */ = {
			isa = PBXGroup;
			children = (
				FF6727292402228E00820B6A /* TemplateInfo.swift */,
				FF6605D523F7BC5E0052BCD7 /* TemplateList.swift */,
				FFB3458623F84D7F0060D8FE /* UrlList.swift */,
			);
			path = Models;
			sourceTree = "<group>";
		};
		FF6605D723F7BC6A0052BCD7 /* DAO */ = {
			isa = PBXGroup;
			children = (
				FF6605D823F7BC8E0052BCD7 /* TemplateListDAO.swift */,
				FFB3458823F84D980060D8FE /* UrlListDAO.swift */,
			);
			path = DAO;
			sourceTree = "<group>";
		};
		FF6727312405067700820B6A /* TextHighlighter */ = {
			isa = PBXGroup;
			children = (
				FF6727322405068F00820B6A /* BaseTextStorage.swift */,
				FF6727332405068F00820B6A /* SyntaxTextStorage.swift */,
			);
			path = TextHighlighter;
			sourceTree = "<group>";
		};
		FF7CEF9F23FEE3D400A64524 /* Editor */ = {
			isa = PBXGroup;
			children = (
				FF7CEF9D23FEE3CE00A64524 /* EditorViewController.swift */,
				FF7CEFA023FEE3EE00A64524 /* Editor.storyboard */,
			);
			path = Editor;
			sourceTree = "<group>";
		};
		FFB3457F23F83FEB0060D8FE /* Cells */ = {
			isa = PBXGroup;
			children = (
				FFB3458023F8408E0060D8FE /* TemplateNameCell.swift */,
				FFB3458123F8408E0060D8FE /* TemplateNameCell.xib */,
				FF6A673E23FD9B510007C877 /* SourceFileTableCell.swift */,
				FF6A674023FD9B6A0007C877 /* SourceFileTableCell.xib */,
			);
			path = Cells;
			sourceTree = "<group>";
		};
		FFC9F0FA23F82940009CDEAD /* Constants */ = {
			isa = PBXGroup;
			children = (
				1B76374123FA971600E4C612 /* ColorConstant.swift */,
				1B23B1CB23FE885F00A17C74 /* FileNameConstant.swift */,
				1BEB7C1923FB9624006DFEA9 /* NotificationCenterConstant.swift */,
				FFC9F0FB23F82961009CDEAD /* UrlConstant.swift */,
			);
			path = Constants;
			sourceTree = "<group>";
		};
		FFC9F0FF23F837DA009CDEAD /* Main */ = {
			isa = PBXGroup;
			children = (
				1B4F2A9D23F2A2E800A2A32E /* DashboardViewController.swift */,
				1B4F2AA123F2A2EA00A2A32E /* Dashboard.storyboard */,
				1B65DCA323F537DF00E267AB /* Cells */,
			);
			path = Main;
			sourceTree = "<group>";
		};
		FFC9F10023F837E4009CDEAD /* TemplateDetail */ = {
			isa = PBXGroup;
			children = (
				FFC9F10223F83846009CDEAD /* TemplateDetailViewController.swift */,
				FF6A673223FD869C0007C877 /* TemplateDetail.storyboard */,
				FFB3457F23F83FEB0060D8FE /* Cells */,
			);
			path = TemplateDetail;
			sourceTree = "<group>";
		};
		FFC9F10123F837FA009CDEAD /* Welcome */ = {
			isa = PBXGroup;
			children = (
				FF6A673423FD87280007C877 /* Welcome.storyboard */,
				FFC9F10423F83864009CDEAD /* WelcomeViewController.swift */,
			);
			path = Welcome;
			sourceTree = "<group>";
		};
/* End PBXGroup section */

/* Begin PBXNativeTarget section */
		1B4F2A9723F2A2E800A2A32E /* Xmanager */ = {
			isa = PBXNativeTarget;
			buildConfigurationList = 1B4F2AA823F2A2EA00A2A32E /* Build configuration list for PBXNativeTarget "Xmanager" */;
			buildPhases = (
				E08B75D4891FEACD8EC4B549 /* [CP] Check Pods Manifest.lock */,
				1B4F2A9423F2A2E800A2A32E /* Sources */,
				1B4F2A9523F2A2E800A2A32E /* Frameworks */,
				1B4F2A9623F2A2E800A2A32E /* Resources */,
				5A9C11B366065CD450AA0832 /* [CP] Embed Pods Frameworks */,
			);
			buildRules = (
			);
			dependencies = (
			);
			name = Xmanager;
			productName = "Xcode Template Manager";
			productReference = 1B4F2A9823F2A2E800A2A32E /* Xmanager.app */;
			productType = "com.apple.product-type.application";
		};
/* End PBXNativeTarget section */

/* Begin PBXProject section */
		1B4F2A9023F2A2E800A2A32E /* Project object */ = {
			isa = PBXProject;
			attributes = {
				LastSwiftUpdateCheck = 1130;
				LastUpgradeCheck = 1130;
				ORGANIZATIONNAME = "Fadilah Hasan";
				TargetAttributes = {
					1B4F2A9723F2A2E800A2A32E = {
						CreatedOnToolsVersion = 11.3.1;
					};
				};
			};
			buildConfigurationList = 1B4F2A9323F2A2E800A2A32E /* Build configuration list for PBXProject "Xmanager" */;
			compatibilityVersion = "Xcode 9.3";
			developmentRegion = en;
			hasScannedForEncodings = 0;
			knownRegions = (
				en,
				Base,
			);
			mainGroup = 1B4F2A8F23F2A2E800A2A32E;
			productRefGroup = 1B4F2A9923F2A2E800A2A32E /* Products */;
			projectDirPath = "";
			projectRoot = "";
			targets = (
				1B4F2A9723F2A2E800A2A32E /* Xmanager */,
			);
		};
/* End PBXProject section */

/* Begin PBXResourcesBuildPhase section */
		1B4F2A9623F2A2E800A2A32E /* Resources */ = {
			isa = PBXResourcesBuildPhase;
			buildActionMask = 2147483647;
			files = (
				1B275C2723FF6F6100A2514C /* mono-blue.min.css in Resources */,
				1B275C2123FF6F6100A2514C /* shades-of-purple.min.css in Resources */,
				1B275C3523FF6F6100A2514C /* obsidian.min.css in Resources */,
				1B275C5923FF6F6100A2514C /* googlecode.min.css in Resources */,
				FF6A673323FD869C0007C877 /* TemplateDetail.storyboard in Resources */,
				1B275C4E23FF6F6100A2514C /* atelier-sulphurpool-light.min.css in Resources */,
				1B275C6323FF6F6100A2514C /* darcula.min.css in Resources */,
				1B275C2E23FF6F6100A2514C /* atelier-savanna-dark.min.css in Resources */,
				1B275C2323FF6F6100A2514C /* railscasts.min.css in Resources */,
				1B275C1623FF6F6100A2514C /* tomorrow-night-blue.min.css in Resources */,
				1B275C1B23FF6F6100A2514C /* qtcreator_light.min.css in Resources */,
				1B275C5823FF6F6100A2514C /* atelier-estuary-dark.min.css in Resources */,
				1B275C1F23FF6F6100A2514C /* far.min.css in Resources */,
				1B275C1723FF6F6100A2514C /* vs2015.min.css in Resources */,
				1B275C6223FF6F6100A2514C /* hybrid.min.css in Resources */,
				FF6A674123FD9B6A0007C877 /* SourceFileTableCell.xib in Resources */,
				FFB3458323F8408E0060D8FE /* TemplateNameCell.xib in Resources */,
				1B275C2823FF6F6100A2514C /* ocean.min.css in Resources */,
				1B275C4C23FF6F6100A2514C /* atelier-cave-light.min.css in Resources */,
				1B275C2B23FF6F6100A2514C /* tomorrow-night-eighties.min.css in Resources */,
				1B275C3023FF6F6100A2514C /* pojoaque.min.css in Resources */,
				1B275C4523FF6F6100A2514C /* dark.min.css in Resources */,
				1B275C4D23FF6F6100A2514C /* a11y-dark.min.css in Resources */,
				1B275C5A23FF6F6100A2514C /* atom-one-dark-reasonable.min.css in Resources */,
				1B275C5623FF6F6100A2514C /* foundation.min.css in Resources */,
				1B275C1023FF6F6100A2514C /* isbl-editor-dark.min.css in Resources */,
				1B275C5F23FF6F6100A2514C /* grayscale.min.css in Resources */,
				1B275C3D23FF6F6100A2514C /* gruvbox-dark.min.css in Resources */,
				1B275C4823FF6F6100A2514C /* docco.min.css in Resources */,
				1B275C2523FF6F6100A2514C /* atelier-estuary-light.min.css in Resources */,
				1B275C4B23FF6F6100A2514C /* isbl-editor-light.min.css in Resources */,
				1B275C2A23FF6F6100A2514C /* atelier-seaside-light.min.css in Resources */,
				1B4F2AA023F2A2EA00A2A32E /* Assets.xcassets in Resources */,
				1B275C5723FF6F6100A2514C /* codepen-embed.min.css in Resources */,
				1B275C1423FF6F6100A2514C /* xcode.min.css in Resources */,
				1B4F2AA323F2A2EA00A2A32E /* Dashboard.storyboard in Resources */,
				1B275C4423FF6F6100A2514C /* nord.min.css in Resources */,
				1B275C1923FF6F6100A2514C /* paraiso-light.min.css in Resources */,
				1B275C2223FF6F6100A2514C /* kimbie.light.min.css in Resources */,
				1B275C5B23FF6F6100A2514C /* atelier-dune-light.min.css in Resources */,
				1B275C2623FF6F6100A2514C /* xt256.min.css in Resources */,
				1B275C6723FF6F6100A2514C /* LICENSE in Resources */,
				1B275C1523FF6F6100A2514C /* atelier-sulphurpool-dark.min.css in Resources */,
				1B275C3423FF6F6100A2514C /* tomorrow-night.min.css in Resources */,
				1B275C2423FF6F6100A2514C /* solarized-dark.min.css in Resources */,
				1B275C3723FF6F6100A2514C /* atelier-lakeside-dark.min.css in Resources */,
				1B275C1D23FF6F6100A2514C /* kimbie.dark.min.css in Resources */,
				1B275C5D23FF6F6100A2514C /* zenburn.min.css in Resources */,
				1B275C2023FF6F6100A2514C /* atelier-dune-dark.min.css in Resources */,
				1B275C3F23FF6F6100A2514C /* magula.min.css in Resources */,
				1B275C4A23FF6F6100A2514C /* ascetic.min.css in Resources */,
				1B275C3E23FF6F6100A2514C /* dracula.min.css in Resources */,
				1B275C5523FF6F6100A2514C /* atelier-savanna-light.min.css in Resources */,
				1B275C5023FF6F6100A2514C /* darkula.min.css in Resources */,
				1B275C6423FF6F6100A2514C /* atelier-lakeside-light.min.css in Resources */,
				1B275C0E23FF6F6100A2514C /* vs.min.css in Resources */,
				1B275C3C23FF6F6100A2514C /* arduino-light.min.css in Resources */,
				1B275C4323FF6F6100A2514C /* github.min.css in Resources */,
				1B65DCA723F538BF00E267AB /* XcodeTemplateCell.xib in Resources */,
				1B275C6123FF6F6100A2514C /* agate.min.css in Resources */,
				1B275C1123FF6F6100A2514C /* brown-paper.min.css in Resources */,
				1B275C6823FF6F6100A2514C /* highlight.min.js in Resources */,
				1B275C5E23FF6F6100A2514C /* androidstudio.min.css in Resources */,
				1B23B1C823FE83BA00A17C74 /* TemplateInfo.txt in Resources */,
				1B275C1823FF6F6100A2514C /* atelier-heath-dark.min.css in Resources */,
				1B275C6523FF6F6100A2514C /* monokai-sublime.min.css in Resources */,
				FF6E397524069FEF00A91A21 /* sample-mvp.zip in Resources */,
				1B275C3823FF6F6100A2514C /* gruvbox-light.min.css in Resources */,
				1B275C4923FF6F6100A2514C /* default.min.css in Resources */,
				1B275C0F23FF6F6100A2514C /* atelier-seaside-dark.min.css in Resources */,
				1B275C2C23FF6F6100A2514C /* atom-one-dark.min.css in Resources */,
				1B275C3223FF6F6100A2514C /* atelier-forest-dark.min.css in Resources */,
				1B275C2D23FF6F6100A2514C /* qtcreator_dark.min.css in Resources */,
				1B275C1323FF6F6100A2514C /* school-book.min.css in Resources */,
				1B275C1C23FF6F6100A2514C /* a11y-light.min.css in Resources */,
				1B275C3623FF6F6100A2514C /* lightfair.min.css in Resources */,
				1B275C4623FF6F6100A2514C /* atom-one-light.min.css in Resources */,
				1B275C1A23FF6F6100A2514C /* rainbow.min.css in Resources */,
				FF6A673523FD87280007C877 /* Welcome.storyboard in Resources */,
				1B275C6023FF6F6100A2514C /* sunburst.min.css in Resources */,
				1B275C4223FF6F6100A2514C /* hopscotch.min.css in Resources */,
				1B76374023FA955D00E4C612 /* Color.xcassets in Resources */,
				1B275C2923FF6F6100A2514C /* github-gist.min.css in Resources */,
				1B275C5223FF6F6100A2514C /* ir-black.min.css in Resources */,
				1B275C3923FF6F6100A2514C /* idea.min.css in Resources */,
				1B275C4723FF6F6100A2514C /* monokai.min.css in Resources */,
				1B275C5123FF6F6100A2514C /* atelier-cave-dark.min.css in Resources */,
				1B275C1223FF6F6100A2514C /* atelier-plateau-light.min.css in Resources */,
				1B275C5323FF6F6100A2514C /* solarized-light.min.css in Resources */,
				1B275C4F23FF6F6100A2514C /* atelier-plateau-dark.min.css in Resources */,
				1B275C3323FF6F6100A2514C /* gml.min.css in Resources */,
				FF7CEFA123FEE3EE00A64524 /* Editor.storyboard in Resources */,
				1B275C4123FF6F6100A2514C /* purebasic.min.css in Resources */,
				1B275C3123FF6F6100A2514C /* routeros.min.css in Resources */,
				1B275C6623FF6F6100A2514C /* an-old-hope.min.css in Resources */,
				1B275C4023FF6F6100A2514C /* arta.min.css in Resources */,
				1B275C5C23FF6F6100A2514C /* paraiso-dark.min.css in Resources */,
				1B39EB4123F6A55600F50E0D /* NewForm.storyboard in Resources */,
				1B275C2F23FF6F6100A2514C /* color-brewer.min.css in Resources */,
				1B275C1E23FF6F6100A2514C /* atelier-heath-light.min.css in Resources */,
				1B275C3B23FF6F6100A2514C /* atelier-forest-light.min.css in Resources */,
				1B275C5423FF6F6100A2514C /* tomorrow-night-bright.min.css in Resources */,
				1B275C3A23FF6F6100A2514C /* tomorrow.min.css in Resources */,
			);
			runOnlyForDeploymentPostprocessing = 0;
		};
/* End PBXResourcesBuildPhase section */

/* Begin PBXShellScriptBuildPhase section */
		5A9C11B366065CD450AA0832 /* [CP] Embed Pods Frameworks */ = {
			isa = PBXShellScriptBuildPhase;
			buildActionMask = 2147483647;
			files = (
			);
			inputFileListPaths = (
				"${PODS_ROOT}/Target Support Files/Pods-Xmanager/Pods-Xmanager-frameworks-${CONFIGURATION}-input-files.xcfilelist",
			);
			name = "[CP] Embed Pods Frameworks";
			outputFileListPaths = (
				"${PODS_ROOT}/Target Support Files/Pods-Xmanager/Pods-Xmanager-frameworks-${CONFIGURATION}-output-files.xcfilelist",
			);
			runOnlyForDeploymentPostprocessing = 0;
			shellPath = /bin/sh;
			shellScript = "\"${PODS_ROOT}/Target Support Files/Pods-Xmanager/Pods-Xmanager-frameworks.sh\"\n";
			showEnvVarsInLog = 0;
		};
		E08B75D4891FEACD8EC4B549 /* [CP] Check Pods Manifest.lock */ = {
			isa = PBXShellScriptBuildPhase;
			buildActionMask = 2147483647;
			files = (
			);
			inputFileListPaths = (
			);
			inputPaths = (
				"${PODS_PODFILE_DIR_PATH}/Podfile.lock",
				"${PODS_ROOT}/Manifest.lock",
			);
			name = "[CP] Check Pods Manifest.lock";
			outputFileListPaths = (
			);
			outputPaths = (
				"$(DERIVED_FILE_DIR)/Pods-Xmanager-checkManifestLockResult.txt",
			);
			runOnlyForDeploymentPostprocessing = 0;
			shellPath = /bin/sh;
			shellScript = "diff \"${PODS_PODFILE_DIR_PATH}/Podfile.lock\" \"${PODS_ROOT}/Manifest.lock\" > /dev/null\nif [ $? != 0 ] ; then\n    # print error to STDERR\n    echo \"error: The sandbox is not in sync with the Podfile.lock. Run 'pod install' or update your CocoaPods installation.\" >&2\n    exit 1\nfi\n# This output is used by Xcode 'outputs' to avoid re-running this script phase.\necho \"SUCCESS\" > \"${SCRIPT_OUTPUT_FILE_0}\"\n";
			showEnvVarsInLog = 0;
		};
/* End PBXShellScriptBuildPhase section */

/* Begin PBXSourcesBuildPhase section */
		1B4F2A9423F2A2E800A2A32E /* Sources */ = {
			isa = PBXSourcesBuildPhase;
			buildActionMask = 2147483647;
			files = (
				1BBC95A123FCF157006E585D /* ButtonDragView.swift in Sources */,
				1B4F2A9E23F2A2E800A2A32E /* DashboardViewController.swift in Sources */,
				1B275C6C23FF6F6100A2514C /* HTMLUtils.swift in Sources */,
				FF6727352405068F00820B6A /* SyntaxTextStorage.swift in Sources */,
				FFB3458723F84D7F0060D8FE /* UrlList.swift in Sources */,
				1B275C6A23FF6F6100A2514C /* Highlightr.swift in Sources */,
				1B23B1CC23FE885F00A17C74 /* FileNameConstant.swift in Sources */,
				FFC9F0FE23F829F7009CDEAD /* Url+Custom.swift in Sources */,
				1B275C6923FF6F6100A2514C /* CodeAttributedString.swift in Sources */,
				FFB3458223F8408E0060D8FE /* TemplateNameCell.swift in Sources */,
				FF6A673F23FD9B510007C877 /* SourceFileTableCell.swift in Sources */,
				FFDD902023FAC07B00BD112D /* BaseWindow.swift in Sources */,
				1B65DCA523F5383A00E267AB /* XcodeTemplateCell.swift in Sources */,
				FF7CEF9E23FEE3CE00A64524 /* EditorViewController.swift in Sources */,
				1BB4094C23FB9E1C00FDD8B9 /* EnumNewFileType.swift in Sources */,
				1B537FAD24066E4500A13DA9 /* Settings.swift in Sources */,
				FFDD902223FAE29F00BD112D /* BaseNSView.swift in Sources */,
				1B275C6E23FF6F6100A2514C /* Shims.swift in Sources */,
				1B4F2A9C23F2A2E800A2A32E /* AppDelegate.swift in Sources */,
				FF6A673923FD8F520007C877 /* TableDragView.swift in Sources */,
				FFC9F0FC23F82961009CDEAD /* UrlConstant.swift in Sources */,
				FF67272A2402228E00820B6A /* TemplateInfo.swift in Sources */,
				1BDDDD7F23FFC75200F8F302 /* EditorTextView.swift in Sources */,
				1B76374223FA971600E4C612 /* ColorConstant.swift in Sources */,
				1BEB7C1A23FB9624006DFEA9 /* NotificationCenterConstant.swift in Sources */,
				1B23B1C323FE6AD000A17C74 /* DragAndDropView.swift in Sources */,
				1B65DCA023F5202900E267AB /* BaseViewController.swift in Sources */,
				FFC9F10523F83864009CDEAD /* WelcomeViewController.swift in Sources */,
				1B275C6D23FF6F6100A2514C /* Theme.swift in Sources */,
				1BA08DE423F6AA4000C50619 /* NSViewController+Router.swift in Sources */,
				FF6605D923F7BC8E0052BCD7 /* TemplateListDAO.swift in Sources */,
				FF097F7B23FB091D001AF186 /* BaseWindowController.swift in Sources */,
				FF6605D623F7BC5E0052BCD7 /* TemplateList.swift in Sources */,
				FF6727342405068F00820B6A /* BaseTextStorage.swift in Sources */,
				1B39EB3E23F6977A00F50E0D /* NewFormViewController.swift in Sources */,
				FFB3458923F84D980060D8FE /* UrlListDAO.swift in Sources */,
				FF67272C2404D4A500820B6A /* String+Format.swift in Sources */,
				FFC9F10323F83846009CDEAD /* TemplateDetailViewController.swift in Sources */,
				1B23B1CA23FE845000A17C74 /* TextParser.swift in Sources */,
			);
			runOnlyForDeploymentPostprocessing = 0;
		};
/* End PBXSourcesBuildPhase section */

/* Begin PBXVariantGroup section */
		1B4F2AA123F2A2EA00A2A32E /* Dashboard.storyboard */ = {
			isa = PBXVariantGroup;
			children = (
				1B4F2AA223F2A2EA00A2A32E /* Base */,
			);
			name = Dashboard.storyboard;
			sourceTree = "<group>";
		};
/* End PBXVariantGroup section */

/* Begin XCBuildConfiguration section */
		1B4F2AA623F2A2EA00A2A32E /* Debug */ = {
			isa = XCBuildConfiguration;
			buildSettings = {
				ALWAYS_SEARCH_USER_PATHS = NO;
				CLANG_ANALYZER_NONNULL = YES;
				CLANG_ANALYZER_NUMBER_OBJECT_CONVERSION = YES_AGGRESSIVE;
				CLANG_CXX_LANGUAGE_STANDARD = "gnu++14";
				CLANG_CXX_LIBRARY = "libc++";
				CLANG_ENABLE_MODULES = YES;
				CLANG_ENABLE_OBJC_ARC = YES;
				CLANG_ENABLE_OBJC_WEAK = YES;
				CLANG_WARN_BLOCK_CAPTURE_AUTORELEASING = YES;
				CLANG_WARN_BOOL_CONVERSION = YES;
				CLANG_WARN_COMMA = YES;
				CLANG_WARN_CONSTANT_CONVERSION = YES;
				CLANG_WARN_DEPRECATED_OBJC_IMPLEMENTATIONS = YES;
				CLANG_WARN_DIRECT_OBJC_ISA_USAGE = YES_ERROR;
				CLANG_WARN_DOCUMENTATION_COMMENTS = YES;
				CLANG_WARN_EMPTY_BODY = YES;
				CLANG_WARN_ENUM_CONVERSION = YES;
				CLANG_WARN_INFINITE_RECURSION = YES;
				CLANG_WARN_INT_CONVERSION = YES;
				CLANG_WARN_NON_LITERAL_NULL_CONVERSION = YES;
				CLANG_WARN_OBJC_IMPLICIT_RETAIN_SELF = YES;
				CLANG_WARN_OBJC_LITERAL_CONVERSION = YES;
				CLANG_WARN_OBJC_ROOT_CLASS = YES_ERROR;
				CLANG_WARN_RANGE_LOOP_ANALYSIS = YES;
				CLANG_WARN_STRICT_PROTOTYPES = YES;
				CLANG_WARN_SUSPICIOUS_MOVE = YES;
				CLANG_WARN_UNGUARDED_AVAILABILITY = YES_AGGRESSIVE;
				CLANG_WARN_UNREACHABLE_CODE = YES;
				CLANG_WARN__DUPLICATE_METHOD_MATCH = YES;
				COPY_PHASE_STRIP = NO;
				DEBUG_INFORMATION_FORMAT = dwarf;
				ENABLE_STRICT_OBJC_MSGSEND = YES;
				ENABLE_TESTABILITY = YES;
				GCC_C_LANGUAGE_STANDARD = gnu11;
				GCC_DYNAMIC_NO_PIC = NO;
				GCC_NO_COMMON_BLOCKS = YES;
				GCC_OPTIMIZATION_LEVEL = 0;
				GCC_PREPROCESSOR_DEFINITIONS = (
					"DEBUG=1",
					"$(inherited)",
				);
				GCC_WARN_64_TO_32_BIT_CONVERSION = YES;
				GCC_WARN_ABOUT_RETURN_TYPE = YES_ERROR;
				GCC_WARN_UNDECLARED_SELECTOR = YES;
				GCC_WARN_UNINITIALIZED_AUTOS = YES_AGGRESSIVE;
				GCC_WARN_UNUSED_FUNCTION = YES;
				GCC_WARN_UNUSED_VARIABLE = YES;
				MACOSX_DEPLOYMENT_TARGET = 10.13;
				MTL_ENABLE_DEBUG_INFO = INCLUDE_SOURCE;
				MTL_FAST_MATH = YES;
				ONLY_ACTIVE_ARCH = YES;
				SDKROOT = macosx;
				SWIFT_ACTIVE_COMPILATION_CONDITIONS = DEBUG;
				SWIFT_OPTIMIZATION_LEVEL = "-Onone";
			};
			name = Debug;
		};
		1B4F2AA723F2A2EA00A2A32E /* Release */ = {
			isa = XCBuildConfiguration;
			buildSettings = {
				ALWAYS_SEARCH_USER_PATHS = NO;
				CLANG_ANALYZER_NONNULL = YES;
				CLANG_ANALYZER_NUMBER_OBJECT_CONVERSION = YES_AGGRESSIVE;
				CLANG_CXX_LANGUAGE_STANDARD = "gnu++14";
				CLANG_CXX_LIBRARY = "libc++";
				CLANG_ENABLE_MODULES = YES;
				CLANG_ENABLE_OBJC_ARC = YES;
				CLANG_ENABLE_OBJC_WEAK = YES;
				CLANG_WARN_BLOCK_CAPTURE_AUTORELEASING = YES;
				CLANG_WARN_BOOL_CONVERSION = YES;
				CLANG_WARN_COMMA = YES;
				CLANG_WARN_CONSTANT_CONVERSION = YES;
				CLANG_WARN_DEPRECATED_OBJC_IMPLEMENTATIONS = YES;
				CLANG_WARN_DIRECT_OBJC_ISA_USAGE = YES_ERROR;
				CLANG_WARN_DOCUMENTATION_COMMENTS = YES;
				CLANG_WARN_EMPTY_BODY = YES;
				CLANG_WARN_ENUM_CONVERSION = YES;
				CLANG_WARN_INFINITE_RECURSION = YES;
				CLANG_WARN_INT_CONVERSION = YES;
				CLANG_WARN_NON_LITERAL_NULL_CONVERSION = YES;
				CLANG_WARN_OBJC_IMPLICIT_RETAIN_SELF = YES;
				CLANG_WARN_OBJC_LITERAL_CONVERSION = YES;
				CLANG_WARN_OBJC_ROOT_CLASS = YES_ERROR;
				CLANG_WARN_RANGE_LOOP_ANALYSIS = YES;
				CLANG_WARN_STRICT_PROTOTYPES = YES;
				CLANG_WARN_SUSPICIOUS_MOVE = YES;
				CLANG_WARN_UNGUARDED_AVAILABILITY = YES_AGGRESSIVE;
				CLANG_WARN_UNREACHABLE_CODE = YES;
				CLANG_WARN__DUPLICATE_METHOD_MATCH = YES;
				COPY_PHASE_STRIP = NO;
				DEBUG_INFORMATION_FORMAT = "dwarf-with-dsym";
				ENABLE_NS_ASSERTIONS = NO;
				ENABLE_STRICT_OBJC_MSGSEND = YES;
				GCC_C_LANGUAGE_STANDARD = gnu11;
				GCC_NO_COMMON_BLOCKS = YES;
				GCC_WARN_64_TO_32_BIT_CONVERSION = YES;
				GCC_WARN_ABOUT_RETURN_TYPE = YES_ERROR;
				GCC_WARN_UNDECLARED_SELECTOR = YES;
				GCC_WARN_UNINITIALIZED_AUTOS = YES_AGGRESSIVE;
				GCC_WARN_UNUSED_FUNCTION = YES;
				GCC_WARN_UNUSED_VARIABLE = YES;
				MACOSX_DEPLOYMENT_TARGET = 10.13;
				MTL_ENABLE_DEBUG_INFO = NO;
				MTL_FAST_MATH = YES;
				SDKROOT = macosx;
				SWIFT_COMPILATION_MODE = wholemodule;
				SWIFT_OPTIMIZATION_LEVEL = "-O";
			};
			name = Release;
		};
		1B4F2AA923F2A2EA00A2A32E /* Debug */ = {
			isa = XCBuildConfiguration;
			baseConfigurationReference = D80B7ED69A7C8B43F269BC0F /* Pods-Xmanager.debug.xcconfig */;
			buildSettings = {
				ASSETCATALOG_COMPILER_APPICON_NAME = AppIcon;
				CODE_SIGN_ENTITLEMENTS = Xmanager/SupportFiles/Xcode_Template_Manager.entitlements;
				CODE_SIGN_IDENTITY = "Apple Development";
				CODE_SIGN_STYLE = Automatic;
				COMBINE_HIDPI_IMAGES = YES;
				CURRENT_PROJECT_VERSION = 2;
				DEVELOPMENT_TEAM = L4A72M4SRA;
				ENABLE_HARDENED_RUNTIME = YES;
				INFOPLIST_FILE = Xmanager/SupportFiles/Info.plist;
				LD_RUNPATH_SEARCH_PATHS = (
					"$(inherited)",
					"@executable_path/../Frameworks",
				);
				MACOSX_DEPLOYMENT_TARGET = 10.13;
				PRODUCT_BUNDLE_IDENTIFIER = com.kodingkita.Xmanager;
				PRODUCT_NAME = "$(TARGET_NAME)";
				SWIFT_VERSION = 5.0;
			};
			name = Debug;
		};
		1B4F2AAA23F2A2EA00A2A32E /* Release */ = {
			isa = XCBuildConfiguration;
			baseConfigurationReference = E9EA1416F6B10F4010E740B7 /* Pods-Xmanager.release.xcconfig */;
			buildSettings = {
				ASSETCATALOG_COMPILER_APPICON_NAME = AppIcon;
				CODE_SIGN_ENTITLEMENTS = Xmanager/SupportFiles/Xcode_Template_Manager.entitlements;
				CODE_SIGN_IDENTITY = "Apple Development";
				CODE_SIGN_STYLE = Automatic;
				COMBINE_HIDPI_IMAGES = YES;
				CURRENT_PROJECT_VERSION = 2;
				DEVELOPMENT_TEAM = L4A72M4SRA;
				ENABLE_HARDENED_RUNTIME = YES;
				INFOPLIST_FILE = Xmanager/SupportFiles/Info.plist;
				LD_RUNPATH_SEARCH_PATHS = (
					"$(inherited)",
					"@executable_path/../Frameworks",
				);
				MACOSX_DEPLOYMENT_TARGET = 10.13;
				PRODUCT_BUNDLE_IDENTIFIER = com.kodingkita.Xmanager;
				PRODUCT_NAME = "$(TARGET_NAME)";
				SWIFT_VERSION = 5.0;
			};
			name = Release;
		};
/* End XCBuildConfiguration section */

/* Begin XCConfigurationList section */
		1B4F2A9323F2A2E800A2A32E /* Build configuration list for PBXProject "Xmanager" */ = {
			isa = XCConfigurationList;
			buildConfigurations = (
				1B4F2AA623F2A2EA00A2A32E /* Debug */,
				1B4F2AA723F2A2EA00A2A32E /* Release */,
			);
			defaultConfigurationIsVisible = 0;
			defaultConfigurationName = Release;
		};
		1B4F2AA823F2A2EA00A2A32E /* Build configuration list for PBXNativeTarget "Xmanager" */ = {
			isa = XCConfigurationList;
			buildConfigurations = (
				1B4F2AA923F2A2EA00A2A32E /* Debug */,
				1B4F2AAA23F2A2EA00A2A32E /* Release */,
			);
			defaultConfigurationIsVisible = 0;
			defaultConfigurationName = Release;
		};
/* End XCConfigurationList section */
	};
	rootObject = 1B4F2A9023F2A2E800A2A32E /* Project object */;
}
