// !$*UTF8*$!
{
	archiveVersion = 1;
	classes = {
	};
	objectVersion = 50;
	objects = {

/* Begin PBXBuildFile section */
		1B39EB3E23F6977A00F50E0D /* NewFormViewController.swift in Sources */ = {isa = PBXBuildFile; fileRef = 1B39EB3C23F6977A00F50E0D /* NewFormViewController.swift */; };
		1B39EB4123F6A55600F50E0D /* NewForm.storyboard in Resources */ = {isa = PBXBuildFile; fileRef = 1B39EB4023F6A55600F50E0D /* NewForm.storyboard */; };
		1B4F2A9C23F2A2E800A2A32E /* AppDelegate.swift in Sources */ = {isa = PBXBuildFile; fileRef = 1B4F2A9B23F2A2E800A2A32E /* AppDelegate.swift */; };
		1B4F2A9E23F2A2E800A2A32E /* DashboardViewController.swift in Sources */ = {isa = PBXBuildFile; fileRef = 1B4F2A9D23F2A2E800A2A32E /* DashboardViewController.swift */; };
		1B4F2AA023F2A2EA00A2A32E /* Assets.xcassets in Resources */ = {isa = PBXBuildFile; fileRef = 1B4F2A9F23F2A2EA00A2A32E /* Assets.xcassets */; };
		1B4F2AA323F2A2EA00A2A32E /* Dashboard.storyboard in Resources */ = {isa = PBXBuildFile; fileRef = 1B4F2AA123F2A2EA00A2A32E /* Dashboard.storyboard */; };
		1B65DCA023F5202900E267AB /* BaseViewController.swift in Sources */ = {isa = PBXBuildFile; fileRef = 1B65DC9F23F5202900E267AB /* BaseViewController.swift */; };
		1B65DCA523F5383A00E267AB /* XcodeTemplateCell.swift in Sources */ = {isa = PBXBuildFile; fileRef = 1B65DCA423F5383A00E267AB /* XcodeTemplateCell.swift */; };
		1B65DCA723F538BF00E267AB /* XcodeTemplateCell.xib in Resources */ = {isa = PBXBuildFile; fileRef = 1B65DCA623F538BF00E267AB /* XcodeTemplateCell.xib */; };
		1B76374023FA955D00E4C612 /* Color.xcassets in Resources */ = {isa = PBXBuildFile; fileRef = 1B76373F23FA955D00E4C612 /* Color.xcassets */; };
		1B76374223FA971600E4C612 /* ColorConstant.swift in Sources */ = {isa = PBXBuildFile; fileRef = 1B76374123FA971600E4C612 /* ColorConstant.swift */; };
		1BA08DE423F6AA4000C50619 /* NSViewController+Router.swift in Sources */ = {isa = PBXBuildFile; fileRef = 1BA08DE323F6AA4000C50619 /* NSViewController+Router.swift */; };
		1BB4094C23FB9E1C00FDD8B9 /* EnumNewFileType.swift in Sources */ = {isa = PBXBuildFile; fileRef = 1BB4094B23FB9E1C00FDD8B9 /* EnumNewFileType.swift */; };
		1BBC95A123FCF157006E585D /* DragView.swift in Sources */ = {isa = PBXBuildFile; fileRef = 1BBC95A023FCF157006E585D /* DragView.swift */; };
		1BEB7C1A23FB9624006DFEA9 /* NotificationCenterConstant.swift in Sources */ = {isa = PBXBuildFile; fileRef = 1BEB7C1923FB9624006DFEA9 /* NotificationCenterConstant.swift */; };
		FF097F7B23FB091D001AF186 /* BaseWindowController.swift in Sources */ = {isa = PBXBuildFile; fileRef = FF097F7A23FB091D001AF186 /* BaseWindowController.swift */; };
		FF6605D623F7BC5E0052BCD7 /* TemplateList.swift in Sources */ = {isa = PBXBuildFile; fileRef = FF6605D523F7BC5E0052BCD7 /* TemplateList.swift */; };
		FF6605D923F7BC8E0052BCD7 /* TemplateListDAO.swift in Sources */ = {isa = PBXBuildFile; fileRef = FF6605D823F7BC8E0052BCD7 /* TemplateListDAO.swift */; };
		FFB3458223F8408E0060D8FE /* TemplateNameCell.swift in Sources */ = {isa = PBXBuildFile; fileRef = FFB3458023F8408E0060D8FE /* TemplateNameCell.swift */; };
		FFB3458323F8408E0060D8FE /* TemplateNameCell.xib in Resources */ = {isa = PBXBuildFile; fileRef = FFB3458123F8408E0060D8FE /* TemplateNameCell.xib */; };
		FFB3458723F84D7F0060D8FE /* UrlList.swift in Sources */ = {isa = PBXBuildFile; fileRef = FFB3458623F84D7F0060D8FE /* UrlList.swift */; };
		FFB3458923F84D980060D8FE /* UrlListDAO.swift in Sources */ = {isa = PBXBuildFile; fileRef = FFB3458823F84D980060D8FE /* UrlListDAO.swift */; };
		FFC9F0FC23F82961009CDEAD /* UrlConstant.swift in Sources */ = {isa = PBXBuildFile; fileRef = FFC9F0FB23F82961009CDEAD /* UrlConstant.swift */; };
		FFC9F0FE23F829F7009CDEAD /* Url+StringFormat.swift in Sources */ = {isa = PBXBuildFile; fileRef = FFC9F0FD23F829F7009CDEAD /* Url+StringFormat.swift */; };
		FFC9F10323F83846009CDEAD /* TemplateDetailViewController.swift in Sources */ = {isa = PBXBuildFile; fileRef = FFC9F10223F83846009CDEAD /* TemplateDetailViewController.swift */; };
		FFC9F10523F83864009CDEAD /* WelcomeViewController.swift in Sources */ = {isa = PBXBuildFile; fileRef = FFC9F10423F83864009CDEAD /* WelcomeViewController.swift */; };
		FFDD902023FAC07B00BD112D /* BaseWindow.swift in Sources */ = {isa = PBXBuildFile; fileRef = FFDD901F23FAC07B00BD112D /* BaseWindow.swift */; };
		FFDD902223FAE29F00BD112D /* BaseNSView.swift in Sources */ = {isa = PBXBuildFile; fileRef = FFDD902123FAE29F00BD112D /* BaseNSView.swift */; };
/* End PBXBuildFile section */

/* Begin PBXFileReference section */
		1B39EB3C23F6977A00F50E0D /* NewFormViewController.swift */ = {isa = PBXFileReference; lastKnownFileType = sourcecode.swift; path = NewFormViewController.swift; sourceTree = "<group>"; };
		1B39EB4023F6A55600F50E0D /* NewForm.storyboard */ = {isa = PBXFileReference; lastKnownFileType = file.storyboard; path = NewForm.storyboard; sourceTree = "<group>"; };
		1B4F2A9823F2A2E800A2A32E /* Xcode Template Manager.app */ = {isa = PBXFileReference; explicitFileType = wrapper.application; includeInIndex = 0; path = "Xcode Template Manager.app"; sourceTree = BUILT_PRODUCTS_DIR; };
		1B4F2A9B23F2A2E800A2A32E /* AppDelegate.swift */ = {isa = PBXFileReference; lastKnownFileType = sourcecode.swift; path = AppDelegate.swift; sourceTree = "<group>"; };
		1B4F2A9D23F2A2E800A2A32E /* DashboardViewController.swift */ = {isa = PBXFileReference; lastKnownFileType = sourcecode.swift; path = DashboardViewController.swift; sourceTree = "<group>"; };
		1B4F2A9F23F2A2EA00A2A32E /* Assets.xcassets */ = {isa = PBXFileReference; lastKnownFileType = folder.assetcatalog; path = Assets.xcassets; sourceTree = "<group>"; };
		1B4F2AA223F2A2EA00A2A32E /* Base */ = {isa = PBXFileReference; lastKnownFileType = file.storyboard; name = Base; path = Base.lproj/Dashboard.storyboard; sourceTree = "<group>"; };
		1B4F2AA423F2A2EA00A2A32E /* Info.plist */ = {isa = PBXFileReference; lastKnownFileType = text.plist.xml; path = Info.plist; sourceTree = "<group>"; };
		1B4F2AA523F2A2EA00A2A32E /* Xcode_Template_Manager.entitlements */ = {isa = PBXFileReference; lastKnownFileType = text.plist.entitlements; path = Xcode_Template_Manager.entitlements; sourceTree = "<group>"; };
		1B65DC9F23F5202900E267AB /* BaseViewController.swift */ = {isa = PBXFileReference; lastKnownFileType = sourcecode.swift; path = BaseViewController.swift; sourceTree = "<group>"; };
		1B65DCA423F5383A00E267AB /* XcodeTemplateCell.swift */ = {isa = PBXFileReference; lastKnownFileType = sourcecode.swift; path = XcodeTemplateCell.swift; sourceTree = "<group>"; };
		1B65DCA623F538BF00E267AB /* XcodeTemplateCell.xib */ = {isa = PBXFileReference; lastKnownFileType = file.xib; path = XcodeTemplateCell.xib; sourceTree = "<group>"; };
		1B76373F23FA955D00E4C612 /* Color.xcassets */ = {isa = PBXFileReference; lastKnownFileType = folder.assetcatalog; path = Color.xcassets; sourceTree = "<group>"; };
		1B76374123FA971600E4C612 /* ColorConstant.swift */ = {isa = PBXFileReference; lastKnownFileType = sourcecode.swift; path = ColorConstant.swift; sourceTree = "<group>"; };
		1BA08DE323F6AA4000C50619 /* NSViewController+Router.swift */ = {isa = PBXFileReference; lastKnownFileType = sourcecode.swift; path = "NSViewController+Router.swift"; sourceTree = "<group>"; };
		1BB4094B23FB9E1C00FDD8B9 /* EnumNewFileType.swift */ = {isa = PBXFileReference; lastKnownFileType = sourcecode.swift; path = EnumNewFileType.swift; sourceTree = "<group>"; };
		1BBC95A023FCF157006E585D /* DragView.swift */ = {isa = PBXFileReference; lastKnownFileType = sourcecode.swift; path = DragView.swift; sourceTree = "<group>"; };
		1BEB7C1923FB9624006DFEA9 /* NotificationCenterConstant.swift */ = {isa = PBXFileReference; lastKnownFileType = sourcecode.swift; path = NotificationCenterConstant.swift; sourceTree = "<group>"; };
		FF097F7A23FB091D001AF186 /* BaseWindowController.swift */ = {isa = PBXFileReference; lastKnownFileType = sourcecode.swift; path = BaseWindowController.swift; sourceTree = "<group>"; };
		FF6605D523F7BC5E0052BCD7 /* TemplateList.swift */ = {isa = PBXFileReference; lastKnownFileType = sourcecode.swift; path = TemplateList.swift; sourceTree = "<group>"; };
		FF6605D823F7BC8E0052BCD7 /* TemplateListDAO.swift */ = {isa = PBXFileReference; lastKnownFileType = sourcecode.swift; path = TemplateListDAO.swift; sourceTree = "<group>"; };
		FFB3458023F8408E0060D8FE /* TemplateNameCell.swift */ = {isa = PBXFileReference; lastKnownFileType = sourcecode.swift; path = TemplateNameCell.swift; sourceTree = "<group>"; };
		FFB3458123F8408E0060D8FE /* TemplateNameCell.xib */ = {isa = PBXFileReference; lastKnownFileType = file.xib; path = TemplateNameCell.xib; sourceTree = "<group>"; };
		FFB3458623F84D7F0060D8FE /* UrlList.swift */ = {isa = PBXFileReference; lastKnownFileType = sourcecode.swift; path = UrlList.swift; sourceTree = "<group>"; };
		FFB3458823F84D980060D8FE /* UrlListDAO.swift */ = {isa = PBXFileReference; lastKnownFileType = sourcecode.swift; path = UrlListDAO.swift; sourceTree = "<group>"; };
		FFC9F0FB23F82961009CDEAD /* UrlConstant.swift */ = {isa = PBXFileReference; lastKnownFileType = sourcecode.swift; path = UrlConstant.swift; sourceTree = "<group>"; };
		FFC9F0FD23F829F7009CDEAD /* Url+StringFormat.swift */ = {isa = PBXFileReference; lastKnownFileType = sourcecode.swift; path = "Url+StringFormat.swift"; sourceTree = "<group>"; };
		FFC9F10223F83846009CDEAD /* TemplateDetailViewController.swift */ = {isa = PBXFileReference; lastKnownFileType = sourcecode.swift; path = TemplateDetailViewController.swift; sourceTree = "<group>"; };
		FFC9F10423F83864009CDEAD /* WelcomeViewController.swift */ = {isa = PBXFileReference; lastKnownFileType = sourcecode.swift; path = WelcomeViewController.swift; sourceTree = "<group>"; };
		FFDD901F23FAC07B00BD112D /* BaseWindow.swift */ = {isa = PBXFileReference; lastKnownFileType = sourcecode.swift; path = BaseWindow.swift; sourceTree = "<group>"; };
		FFDD902123FAE29F00BD112D /* BaseNSView.swift */ = {isa = PBXFileReference; lastKnownFileType = sourcecode.swift; path = BaseNSView.swift; sourceTree = "<group>"; };
/* End PBXFileReference section */

/* Begin PBXFrameworksBuildPhase section */
		1B4F2A9523F2A2E800A2A32E /* Frameworks */ = {
			isa = PBXFrameworksBuildPhase;
			buildActionMask = 2147483647;
			files = (
			);
			runOnlyForDeploymentPostprocessing = 0;
		};
/* End PBXFrameworksBuildPhase section */

/* Begin PBXGroup section */
		1B39EB3A23F6970700F50E0D /* Dashboard */ = {
			isa = PBXGroup;
			children = (
				FFC9F0FF23F837DA009CDEAD /* Main */,
				FFC9F10023F837E4009CDEAD /* TemplateDetail */,
				FFC9F10123F837FA009CDEAD /* Welcome */,
			);
			path = Dashboard;
			sourceTree = "<group>";
		};
		1B39EB3B23F6971300F50E0D /* NewForm */ = {
			isa = PBXGroup;
			children = (
				1B39EB4023F6A55600F50E0D /* NewForm.storyboard */,
				1B39EB3C23F6977A00F50E0D /* NewFormViewController.swift */,
			);
			path = NewForm;
			sourceTree = "<group>";
		};
		1B4F2A8F23F2A2E800A2A32E = {
			isa = PBXGroup;
			children = (
				1B4F2A9A23F2A2E800A2A32E /* Xcode Template Manager */,
				1B4F2A9923F2A2E800A2A32E /* Products */,
			);
			sourceTree = "<group>";
		};
		1B4F2A9923F2A2E800A2A32E /* Products */ = {
			isa = PBXGroup;
			children = (
				1B4F2A9823F2A2E800A2A32E /* Xcode Template Manager.app */,
			);
			name = Products;
			sourceTree = "<group>";
		};
		1B4F2A9A23F2A2E800A2A32E /* Xcode Template Manager */ = {
			isa = PBXGroup;
			children = (
				1B4F2A9B23F2A2E800A2A32E /* AppDelegate.swift */,
				1B65DC9E23F5200800E267AB /* Base */,
				FFC9F0FA23F82940009CDEAD /* Constants */,
				FF6605D723F7BC6A0052BCD7 /* DAO */,
				1BB4094A23FB9DEA00FDD8B9 /* Enumerations */,
				1BA08DE223F6AA2000C50619 /* Extensions */,
				1BBC959F23FCF13E006E585D /* Library */,
				FF6605D423F7BBFB0052BCD7 /* Models */,
				1B65DCA123F5206100E267AB /* Modules */,
				1B65DCA223F5207300E267AB /* SupportFIles */,
			);
			path = "Xcode Template Manager";
			sourceTree = "<group>";
		};
		1B65DC9E23F5200800E267AB /* Base */ = {
			isa = PBXGroup;
			children = (
				FFDD902123FAE29F00BD112D /* BaseNSView.swift */,
				1B65DC9F23F5202900E267AB /* BaseViewController.swift */,
				FFDD901F23FAC07B00BD112D /* BaseWindow.swift */,
				FF097F7A23FB091D001AF186 /* BaseWindowController.swift */,
			);
			path = Base;
			sourceTree = "<group>";
		};
		1B65DCA123F5206100E267AB /* Modules */ = {
			isa = PBXGroup;
			children = (
				1B39EB3B23F6971300F50E0D /* NewForm */,
				1B39EB3A23F6970700F50E0D /* Dashboard */,
			);
			path = Modules;
			sourceTree = "<group>";
		};
		1B65DCA223F5207300E267AB /* SupportFIles */ = {
			isa = PBXGroup;
			children = (
				1B4F2A9F23F2A2EA00A2A32E /* Assets.xcassets */,
				1B76373F23FA955D00E4C612 /* Color.xcassets */,
				1B4F2AA423F2A2EA00A2A32E /* Info.plist */,
				1B4F2AA523F2A2EA00A2A32E /* Xcode_Template_Manager.entitlements */,
			);
			path = SupportFIles;
			sourceTree = "<group>";
		};
		1B65DCA323F537DF00E267AB /* Cells */ = {
			isa = PBXGroup;
			children = (
				1B65DCA423F5383A00E267AB /* XcodeTemplateCell.swift */,
				1B65DCA623F538BF00E267AB /* XcodeTemplateCell.xib */,
			);
			path = Cells;
			sourceTree = "<group>";
		};
		1BA08DE223F6AA2000C50619 /* Extensions */ = {
			isa = PBXGroup;
			children = (
				1BA08DE323F6AA4000C50619 /* NSViewController+Router.swift */,
				FFC9F0FD23F829F7009CDEAD /* Url+StringFormat.swift */,
			);
			path = Extensions;
			sourceTree = "<group>";
		};
		1BB4094A23FB9DEA00FDD8B9 /* Enumerations */ = {
			isa = PBXGroup;
			children = (
				1BB4094B23FB9E1C00FDD8B9 /* EnumNewFileType.swift */,
			);
			path = Enumerations;
			sourceTree = "<group>";
		};
		1BBC959F23FCF13E006E585D /* Library */ = {
			isa = PBXGroup;
			children = (
				1BBC95A023FCF157006E585D /* DragView.swift */,
			);
			path = Library;
			sourceTree = "<group>";
		};
		FF6605D423F7BBFB0052BCD7 /* Models */ = {
			isa = PBXGroup;
			children = (
				FF6605D523F7BC5E0052BCD7 /* TemplateList.swift */,
				FFB3458623F84D7F0060D8FE /* UrlList.swift */,
			);
			path = Models;
			sourceTree = "<group>";
		};
		FF6605D723F7BC6A0052BCD7 /* DAO */ = {
			isa = PBXGroup;
			children = (
				FF6605D823F7BC8E0052BCD7 /* TemplateListDAO.swift */,
				FFB3458823F84D980060D8FE /* UrlListDAO.swift */,
			);
			path = DAO;
			sourceTree = "<group>";
		};
		FFB3457F23F83FEB0060D8FE /* Cells */ = {
			isa = PBXGroup;
			children = (
				FFB3458023F8408E0060D8FE /* TemplateNameCell.swift */,
				FFB3458123F8408E0060D8FE /* TemplateNameCell.xib */,
			);
			path = Cells;
			sourceTree = "<group>";
		};
		FFC9F0FA23F82940009CDEAD /* Constants */ = {
			isa = PBXGroup;
			children = (
				FFC9F0FB23F82961009CDEAD /* UrlConstant.swift */,
				1B76374123FA971600E4C612 /* ColorConstant.swift */,
				1BEB7C1923FB9624006DFEA9 /* NotificationCenterConstant.swift */,
			);
			path = Constants;
			sourceTree = "<group>";
		};
		FFC9F0FF23F837DA009CDEAD /* Main */ = {
			isa = PBXGroup;
			children = (
				1B4F2A9D23F2A2E800A2A32E /* DashboardViewController.swift */,
				1B4F2AA123F2A2EA00A2A32E /* Dashboard.storyboard */,
				1B65DCA323F537DF00E267AB /* Cells */,
			);
			path = Main;
			sourceTree = "<group>";
		};
		FFC9F10023F837E4009CDEAD /* TemplateDetail */ = {
			isa = PBXGroup;
			children = (
				FFC9F10223F83846009CDEAD /* TemplateDetailViewController.swift */,
				FFB3457F23F83FEB0060D8FE /* Cells */,
			);
			path = TemplateDetail;
			sourceTree = "<group>";
		};
		FFC9F10123F837FA009CDEAD /* Welcome */ = {
			isa = PBXGroup;
			children = (
				FFC9F10423F83864009CDEAD /* WelcomeViewController.swift */,
			);
			path = Welcome;
			sourceTree = "<group>";
		};
/* End PBXGroup section */

/* Begin PBXNativeTarget section */
		1B4F2A9723F2A2E800A2A32E /* Xcode Template Manager */ = {
			isa = PBXNativeTarget;
			buildConfigurationList = 1B4F2AA823F2A2EA00A2A32E /* Build configuration list for PBXNativeTarget "Xcode Template Manager" */;
			buildPhases = (
				1B4F2A9423F2A2E800A2A32E /* Sources */,
				1B4F2A9523F2A2E800A2A32E /* Frameworks */,
				1B4F2A9623F2A2E800A2A32E /* Resources */,
			);
			buildRules = (
			);
			dependencies = (
			);
			name = "Xcode Template Manager";
			productName = "Xcode Template Manager";
			productReference = 1B4F2A9823F2A2E800A2A32E /* Xcode Template Manager.app */;
			productType = "com.apple.product-type.application";
		};
/* End PBXNativeTarget section */

/* Begin PBXProject section */
		1B4F2A9023F2A2E800A2A32E /* Project object */ = {
			isa = PBXProject;
			attributes = {
				LastSwiftUpdateCheck = 1130;
				LastUpgradeCheck = 1130;
				ORGANIZATIONNAME = "Fadilah Hasan";
				TargetAttributes = {
					1B4F2A9723F2A2E800A2A32E = {
						CreatedOnToolsVersion = 11.3.1;
					};
				};
			};
			buildConfigurationList = 1B4F2A9323F2A2E800A2A32E /* Build configuration list for PBXProject "Xcode Template Manager" */;
			compatibilityVersion = "Xcode 9.3";
			developmentRegion = en;
			hasScannedForEncodings = 0;
			knownRegions = (
				en,
				Base,
			);
			mainGroup = 1B4F2A8F23F2A2E800A2A32E;
			productRefGroup = 1B4F2A9923F2A2E800A2A32E /* Products */;
			projectDirPath = "";
			projectRoot = "";
			targets = (
				1B4F2A9723F2A2E800A2A32E /* Xcode Template Manager */,
			);
		};
/* End PBXProject section */

/* Begin PBXResourcesBuildPhase section */
		1B4F2A9623F2A2E800A2A32E /* Resources */ = {
			isa = PBXResourcesBuildPhase;
			buildActionMask = 2147483647;
			files = (
				FFB3458323F8408E0060D8FE /* TemplateNameCell.xib in Resources */,
				1B4F2AA023F2A2EA00A2A32E /* Assets.xcassets in Resources */,
				1B4F2AA323F2A2EA00A2A32E /* Dashboard.storyboard in Resources */,
				1B65DCA723F538BF00E267AB /* XcodeTemplateCell.xib in Resources */,
				1B76374023FA955D00E4C612 /* Color.xcassets in Resources */,
				1B39EB4123F6A55600F50E0D /* NewForm.storyboard in Resources */,
			);
			runOnlyForDeploymentPostprocessing = 0;
		};
/* End PBXResourcesBuildPhase section */

/* Begin PBXSourcesBuildPhase section */
		1B4F2A9423F2A2E800A2A32E /* Sources */ = {
			isa = PBXSourcesBuildPhase;
			buildActionMask = 2147483647;
			files = (
				1BBC95A123FCF157006E585D /* DragView.swift in Sources */,
				1B4F2A9E23F2A2E800A2A32E /* DashboardViewController.swift in Sources */,
				FFB3458723F84D7F0060D8FE /* UrlList.swift in Sources */,
				FFC9F0FE23F829F7009CDEAD /* Url+StringFormat.swift in Sources */,
				FFB3458223F8408E0060D8FE /* TemplateNameCell.swift in Sources */,
				FFDD902023FAC07B00BD112D /* BaseWindow.swift in Sources */,
				1B65DCA523F5383A00E267AB /* XcodeTemplateCell.swift in Sources */,
				1BB4094C23FB9E1C00FDD8B9 /* EnumNewFileType.swift in Sources */,
				FFDD902223FAE29F00BD112D /* BaseNSView.swift in Sources */,
				1B4F2A9C23F2A2E800A2A32E /* AppDelegate.swift in Sources */,
				FFC9F0FC23F82961009CDEAD /* UrlConstant.swift in Sources */,
				1B76374223FA971600E4C612 /* ColorConstant.swift in Sources */,
				1BEB7C1A23FB9624006DFEA9 /* NotificationCenterConstant.swift in Sources */,
				1B65DCA023F5202900E267AB /* BaseViewController.swift in Sources */,
				FFC9F10523F83864009CDEAD /* WelcomeViewController.swift in Sources */,
				1BA08DE423F6AA4000C50619 /* NSViewController+Router.swift in Sources */,
				FF6605D923F7BC8E0052BCD7 /* TemplateListDAO.swift in Sources */,
				FF097F7B23FB091D001AF186 /* BaseWindowController.swift in Sources */,
				FF6605D623F7BC5E0052BCD7 /* TemplateList.swift in Sources */,
				1B39EB3E23F6977A00F50E0D /* NewFormViewController.swift in Sources */,
				FFB3458923F84D980060D8FE /* UrlListDAO.swift in Sources */,
				FFC9F10323F83846009CDEAD /* TemplateDetailViewController.swift in Sources */,
			);
			runOnlyForDeploymentPostprocessing = 0;
		};
/* End PBXSourcesBuildPhase section */

/* Begin PBXVariantGroup section */
		1B4F2AA123F2A2EA00A2A32E /* Dashboard.storyboard */ = {
			isa = PBXVariantGroup;
			children = (
				1B4F2AA223F2A2EA00A2A32E /* Base */,
			);
			name = Dashboard.storyboard;
			sourceTree = "<group>";
		};
/* End PBXVariantGroup section */

/* Begin XCBuildConfiguration section */
		1B4F2AA623F2A2EA00A2A32E /* Debug */ = {
			isa = XCBuildConfiguration;
			buildSettings = {
				ALWAYS_SEARCH_USER_PATHS = NO;
				CLANG_ANALYZER_NONNULL = YES;
				CLANG_ANALYZER_NUMBER_OBJECT_CONVERSION = YES_AGGRESSIVE;
				CLANG_CXX_LANGUAGE_STANDARD = "gnu++14";
				CLANG_CXX_LIBRARY = "libc++";
				CLANG_ENABLE_MODULES = YES;
				CLANG_ENABLE_OBJC_ARC = YES;
				CLANG_ENABLE_OBJC_WEAK = YES;
				CLANG_WARN_BLOCK_CAPTURE_AUTORELEASING = YES;
				CLANG_WARN_BOOL_CONVERSION = YES;
				CLANG_WARN_COMMA = YES;
				CLANG_WARN_CONSTANT_CONVERSION = YES;
				CLANG_WARN_DEPRECATED_OBJC_IMPLEMENTATIONS = YES;
				CLANG_WARN_DIRECT_OBJC_ISA_USAGE = YES_ERROR;
				CLANG_WARN_DOCUMENTATION_COMMENTS = YES;
				CLANG_WARN_EMPTY_BODY = YES;
				CLANG_WARN_ENUM_CONVERSION = YES;
				CLANG_WARN_INFINITE_RECURSION = YES;
				CLANG_WARN_INT_CONVERSION = YES;
				CLANG_WARN_NON_LITERAL_NULL_CONVERSION = YES;
				CLANG_WARN_OBJC_IMPLICIT_RETAIN_SELF = YES;
				CLANG_WARN_OBJC_LITERAL_CONVERSION = YES;
				CLANG_WARN_OBJC_ROOT_CLASS = YES_ERROR;
				CLANG_WARN_RANGE_LOOP_ANALYSIS = YES;
				CLANG_WARN_STRICT_PROTOTYPES = YES;
				CLANG_WARN_SUSPICIOUS_MOVE = YES;
				CLANG_WARN_UNGUARDED_AVAILABILITY = YES_AGGRESSIVE;
				CLANG_WARN_UNREACHABLE_CODE = YES;
				CLANG_WARN__DUPLICATE_METHOD_MATCH = YES;
				COPY_PHASE_STRIP = NO;
				DEBUG_INFORMATION_FORMAT = dwarf;
				ENABLE_STRICT_OBJC_MSGSEND = YES;
				ENABLE_TESTABILITY = YES;
				GCC_C_LANGUAGE_STANDARD = gnu11;
				GCC_DYNAMIC_NO_PIC = NO;
				GCC_NO_COMMON_BLOCKS = YES;
				GCC_OPTIMIZATION_LEVEL = 0;
				GCC_PREPROCESSOR_DEFINITIONS = (
					"DEBUG=1",
					"$(inherited)",
				);
				GCC_WARN_64_TO_32_BIT_CONVERSION = YES;
				GCC_WARN_ABOUT_RETURN_TYPE = YES_ERROR;
				GCC_WARN_UNDECLARED_SELECTOR = YES;
				GCC_WARN_UNINITIALIZED_AUTOS = YES_AGGRESSIVE;
				GCC_WARN_UNUSED_FUNCTION = YES;
				GCC_WARN_UNUSED_VARIABLE = YES;
				MACOSX_DEPLOYMENT_TARGET = 10.14;
				MTL_ENABLE_DEBUG_INFO = INCLUDE_SOURCE;
				MTL_FAST_MATH = YES;
				ONLY_ACTIVE_ARCH = YES;
				SDKROOT = macosx;
				SWIFT_ACTIVE_COMPILATION_CONDITIONS = DEBUG;
				SWIFT_OPTIMIZATION_LEVEL = "-Onone";
			};
			name = Debug;
		};
		1B4F2AA723F2A2EA00A2A32E /* Release */ = {
			isa = XCBuildConfiguration;
			buildSettings = {
				ALWAYS_SEARCH_USER_PATHS = NO;
				CLANG_ANALYZER_NONNULL = YES;
				CLANG_ANALYZER_NUMBER_OBJECT_CONVERSION = YES_AGGRESSIVE;
				CLANG_CXX_LANGUAGE_STANDARD = "gnu++14";
				CLANG_CXX_LIBRARY = "libc++";
				CLANG_ENABLE_MODULES = YES;
				CLANG_ENABLE_OBJC_ARC = YES;
				CLANG_ENABLE_OBJC_WEAK = YES;
				CLANG_WARN_BLOCK_CAPTURE_AUTORELEASING = YES;
				CLANG_WARN_BOOL_CONVERSION = YES;
				CLANG_WARN_COMMA = YES;
				CLANG_WARN_CONSTANT_CONVERSION = YES;
				CLANG_WARN_DEPRECATED_OBJC_IMPLEMENTATIONS = YES;
				CLANG_WARN_DIRECT_OBJC_ISA_USAGE = YES_ERROR;
				CLANG_WARN_DOCUMENTATION_COMMENTS = YES;
				CLANG_WARN_EMPTY_BODY = YES;
				CLANG_WARN_ENUM_CONVERSION = YES;
				CLANG_WARN_INFINITE_RECURSION = YES;
				CLANG_WARN_INT_CONVERSION = YES;
				CLANG_WARN_NON_LITERAL_NULL_CONVERSION = YES;
				CLANG_WARN_OBJC_IMPLICIT_RETAIN_SELF = YES;
				CLANG_WARN_OBJC_LITERAL_CONVERSION = YES;
				CLANG_WARN_OBJC_ROOT_CLASS = YES_ERROR;
				CLANG_WARN_RANGE_LOOP_ANALYSIS = YES;
				CLANG_WARN_STRICT_PROTOTYPES = YES;
				CLANG_WARN_SUSPICIOUS_MOVE = YES;
				CLANG_WARN_UNGUARDED_AVAILABILITY = YES_AGGRESSIVE;
				CLANG_WARN_UNREACHABLE_CODE = YES;
				CLANG_WARN__DUPLICATE_METHOD_MATCH = YES;
				COPY_PHASE_STRIP = NO;
				DEBUG_INFORMATION_FORMAT = "dwarf-with-dsym";
				ENABLE_NS_ASSERTIONS = NO;
				ENABLE_STRICT_OBJC_MSGSEND = YES;
				GCC_C_LANGUAGE_STANDARD = gnu11;
				GCC_NO_COMMON_BLOCKS = YES;
				GCC_WARN_64_TO_32_BIT_CONVERSION = YES;
				GCC_WARN_ABOUT_RETURN_TYPE = YES_ERROR;
				GCC_WARN_UNDECLARED_SELECTOR = YES;
				GCC_WARN_UNINITIALIZED_AUTOS = YES_AGGRESSIVE;
				GCC_WARN_UNUSED_FUNCTION = YES;
				GCC_WARN_UNUSED_VARIABLE = YES;
				MACOSX_DEPLOYMENT_TARGET = 10.14;
				MTL_ENABLE_DEBUG_INFO = NO;
				MTL_FAST_MATH = YES;
				SDKROOT = macosx;
				SWIFT_COMPILATION_MODE = wholemodule;
				SWIFT_OPTIMIZATION_LEVEL = "-O";
			};
			name = Release;
		};
		1B4F2AA923F2A2EA00A2A32E /* Debug */ = {
			isa = XCBuildConfiguration;
			buildSettings = {
				ASSETCATALOG_COMPILER_APPICON_NAME = AppIcon;
				CODE_SIGN_ENTITLEMENTS = "Xcode Template Manager/SupportFiles/Xcode_Template_Manager.entitlements";
				CODE_SIGN_IDENTITY = "-";
				CODE_SIGN_STYLE = Automatic;
				COMBINE_HIDPI_IMAGES = YES;
				DEVELOPMENT_TEAM = L4A72M4SRA;
				ENABLE_HARDENED_RUNTIME = YES;
				INFOPLIST_FILE = "Xcode Template Manager/SupportFiles/Info.plist";
				LD_RUNPATH_SEARCH_PATHS = (
					"$(inherited)",
					"@executable_path/../Frameworks",
				);
				PRODUCT_BUNDLE_IDENTIFIER = "com.kodingkita.Xcode-Template-Manager";
				PRODUCT_NAME = "$(TARGET_NAME)";
				SWIFT_VERSION = 5.0;
			};
			name = Debug;
		};
		1B4F2AAA23F2A2EA00A2A32E /* Release */ = {
			isa = XCBuildConfiguration;
			buildSettings = {
				ASSETCATALOG_COMPILER_APPICON_NAME = AppIcon;
				CODE_SIGN_ENTITLEMENTS = "Xcode Template Manager/SupportFiles/Xcode_Template_Manager.entitlements";
				CODE_SIGN_IDENTITY = "-";
				CODE_SIGN_STYLE = Automatic;
				COMBINE_HIDPI_IMAGES = YES;
				DEVELOPMENT_TEAM = L4A72M4SRA;
				ENABLE_HARDENED_RUNTIME = YES;
				INFOPLIST_FILE = "Xcode Template Manager/SupportFiles/Info.plist";
				LD_RUNPATH_SEARCH_PATHS = (
					"$(inherited)",
					"@executable_path/../Frameworks",
				);
				PRODUCT_BUNDLE_IDENTIFIER = "com.kodingkita.Xcode-Template-Manager";
				PRODUCT_NAME = "$(TARGET_NAME)";
				SWIFT_VERSION = 5.0;
			};
			name = Release;
		};
/* End XCBuildConfiguration section */

/* Begin XCConfigurationList section */
		1B4F2A9323F2A2E800A2A32E /* Build configuration list for PBXProject "Xcode Template Manager" */ = {
			isa = XCConfigurationList;
			buildConfigurations = (
				1B4F2AA623F2A2EA00A2A32E /* Debug */,
				1B4F2AA723F2A2EA00A2A32E /* Release */,
			);
			defaultConfigurationIsVisible = 0;
			defaultConfigurationName = Release;
		};
		1B4F2AA823F2A2EA00A2A32E /* Build configuration list for PBXNativeTarget "Xcode Template Manager" */ = {
			isa = XCConfigurationList;
			buildConfigurations = (
				1B4F2AA923F2A2EA00A2A32E /* Debug */,
				1B4F2AAA23F2A2EA00A2A32E /* Release */,
			);
			defaultConfigurationIsVisible = 0;
			defaultConfigurationName = Release;
		};
/* End XCConfigurationList section */
	};
	rootObject = 1B4F2A9023F2A2E800A2A32E /* Project object */;
}
